// !$*UTF8*$!
{
	archiveVersion = 1;
	classes = {
	};
	objectVersion = 46;
	objects = {

/* Begin PBXBuildFile section */
		2C1320D11BD88C0400B8DA1A /* museum@2x.png in Resources */ = {isa = PBXBuildFile; fileRef = 2C1320D01BD88C0400B8DA1A /* museum@2x.png */; };
		2C1320D31BD88C4800B8DA1A /* coffee@2x.png in Resources */ = {isa = PBXBuildFile; fileRef = 2C1320D21BD88C4800B8DA1A /* coffee@2x.png */; };
		2CB9AC021AC4B897004520CC /* AppDelegate.swift in Sources */ = {isa = PBXBuildFile; fileRef = 2CB9AC011AC4B897004520CC /* AppDelegate.swift */; };
		2CB9AC041AC4B897004520CC /* ViewController.swift in Sources */ = {isa = PBXBuildFile; fileRef = 2CB9AC031AC4B897004520CC /* ViewController.swift */; };
		2CB9AC071AC4B897004520CC /* Main.storyboard in Resources */ = {isa = PBXBuildFile; fileRef = 2CB9AC051AC4B897004520CC /* Main.storyboard */; };
		2CB9AC091AC4B897004520CC /* Images.xcassets in Resources */ = {isa = PBXBuildFile; fileRef = 2CB9AC081AC4B897004520CC /* Images.xcassets */; };
		2CB9AC0C1AC4B897004520CC /* LaunchScreen.xib in Resources */ = {isa = PBXBuildFile; fileRef = 2CB9AC0A1AC4B897004520CC /* LaunchScreen.xib */; };
		2CB9AC241AC4BDFF004520CC /* DetailViewController.swift in Sources */ = {isa = PBXBuildFile; fileRef = 2CB9AC231AC4BDFF004520CC /* DetailViewController.swift */; };
/* End PBXBuildFile section */

/* Begin PBXFileReference section */
		2C1320D01BD88C0400B8DA1A /* museum@2x.png */ = {isa = PBXFileReference; lastKnownFileType = image.png; path = "museum@2x.png"; sourceTree = "<group>"; };
		2C1320D21BD88C4800B8DA1A /* coffee@2x.png */ = {isa = PBXFileReference; lastKnownFileType = image.png; path = "coffee@2x.png"; sourceTree = "<group>"; };
		2CB9ABFC1AC4B897004520CC /* SpotAction.app */ = {isa = PBXFileReference; explicitFileType = wrapper.application; includeInIndex = 0; path = SpotAction.app; sourceTree = BUILT_PRODUCTS_DIR; };
		2CB9AC001AC4B897004520CC /* Info.plist */ = {isa = PBXFileReference; lastKnownFileType = text.plist.xml; path = Info.plist; sourceTree = "<group>"; };
		2CB9AC011AC4B897004520CC /* AppDelegate.swift */ = {isa = PBXFileReference; lastKnownFileType = sourcecode.swift; path = AppDelegate.swift; sourceTree = "<group>"; };
		2CB9AC031AC4B897004520CC /* ViewController.swift */ = {isa = PBXFileReference; lastKnownFileType = sourcecode.swift; path = ViewController.swift; sourceTree = "<group>"; };
		2CB9AC061AC4B897004520CC /* Base */ = {isa = PBXFileReference; lastKnownFileType = file.storyboard; name = Base; path = Base.lproj/Main.storyboard; sourceTree = "<group>"; };
		2CB9AC081AC4B897004520CC /* Images.xcassets */ = {isa = PBXFileReference; lastKnownFileType = folder.assetcatalog; path = Images.xcassets; sourceTree = "<group>"; };
		2CB9AC0B1AC4B897004520CC /* Base */ = {isa = PBXFileReference; lastKnownFileType = file.xib; name = Base; path = Base.lproj/LaunchScreen.xib; sourceTree = "<group>"; };
		2CB9AC231AC4BDFF004520CC /* DetailViewController.swift */ = {isa = PBXFileReference; fileEncoding = 4; lastKnownFileType = sourcecode.swift; path = DetailViewController.swift; sourceTree = "<group>"; };
/* End PBXFileReference section */

/* Begin PBXFrameworksBuildPhase section */
		2CB9ABF91AC4B897004520CC /* Frameworks */ = {
			isa = PBXFrameworksBuildPhase;
			buildActionMask = 2147483647;
			files = (
			);
			runOnlyForDeploymentPostprocessing = 0;
		};
/* End PBXFrameworksBuildPhase section */

/* Begin PBXGroup section */
		2CB9ABF31AC4B897004520CC = {
			isa = PBXGroup;
			children = (
				2CB9ABFE1AC4B897004520CC /* SpotAction */,
				2CB9ABFD1AC4B897004520CC /* Products */,
			);
			sourceTree = "<group>";
		};
		2CB9ABFD1AC4B897004520CC /* Products */ = {
			isa = PBXGroup;
			children = (
				2CB9ABFC1AC4B897004520CC /* SpotAction.app */,
			);
			name = Products;
			sourceTree = "<group>";
		};
		2CB9ABFE1AC4B897004520CC /* SpotAction */ = {
			isa = PBXGroup;
			children = (
				2C1320D01BD88C0400B8DA1A /* museum@2x.png */,
				2C1320D21BD88C4800B8DA1A /* coffee@2x.png */,
				2CB9AC011AC4B897004520CC /* AppDelegate.swift */,
				2CB9AC031AC4B897004520CC /* ViewController.swift */,
				2CB9AC051AC4B897004520CC /* Main.storyboard */,
				2CB9AC081AC4B897004520CC /* Images.xcassets */,
				2CB9AC0A1AC4B897004520CC /* LaunchScreen.xib */,
				2CB9ABFF1AC4B897004520CC /* Supporting Files */,
				2CB9AC231AC4BDFF004520CC /* DetailViewController.swift */,
			);
			path = SpotAction;
			sourceTree = "<group>";
		};
		2CB9ABFF1AC4B897004520CC /* Supporting Files */ = {
			isa = PBXGroup;
			children = (
				2CB9AC001AC4B897004520CC /* Info.plist */,
			);
			name = "Supporting Files";
			sourceTree = "<group>";
		};
/* End PBXGroup section */

/* Begin PBXNativeTarget section */
		2CB9ABFB1AC4B897004520CC /* SpotAction */ = {
			isa = PBXNativeTarget;
			buildConfigurationList = 2CB9AC1B1AC4B897004520CC /* Build configuration list for PBXNativeTarget "SpotAction" */;
			buildPhases = (
				2CB9ABF81AC4B897004520CC /* Sources */,
				2CB9ABF91AC4B897004520CC /* Frameworks */,
				2CB9ABFA1AC4B897004520CC /* Resources */,
			);
			buildRules = (
			);
			dependencies = (
			);
			name = SpotAction;
			productName = SpotAction;
			productReference = 2CB9ABFC1AC4B897004520CC /* SpotAction.app */;
			productType = "com.apple.product-type.application";
		};
/* End PBXNativeTarget section */

/* Begin PBXProject section */
		2CB9ABF41AC4B897004520CC /* Project object */ = {
			isa = PBXProject;
			attributes = {
				LastSwiftUpdateCheck = 0700;
				LastUpgradeCheck = 0620;
				ORGANIZATIONNAME = wannabewize;
				TargetAttributes = {
					2CB9ABFB1AC4B897004520CC = {
						CreatedOnToolsVersion = 6.2;
						LastSwiftMigration = 0820;
					};
				};
			};
			buildConfigurationList = 2CB9ABF71AC4B897004520CC /* Build configuration list for PBXProject "SpotAction" */;
			compatibilityVersion = "Xcode 3.2";
			developmentRegion = English;
			hasScannedForEncodings = 0;
			knownRegions = (
				en,
				Base,
			);
			mainGroup = 2CB9ABF31AC4B897004520CC;
			productRefGroup = 2CB9ABFD1AC4B897004520CC /* Products */;
			projectDirPath = "";
			projectRoot = "";
			targets = (
				2CB9ABFB1AC4B897004520CC /* SpotAction */,
			);
		};
/* End PBXProject section */

/* Begin PBXResourcesBuildPhase section */
		2CB9ABFA1AC4B897004520CC /* Resources */ = {
			isa = PBXResourcesBuildPhase;
			buildActionMask = 2147483647;
			files = (
				2C1320D11BD88C0400B8DA1A /* museum@2x.png in Resources */,
				2C1320D31BD88C4800B8DA1A /* coffee@2x.png in Resources */,
				2CB9AC071AC4B897004520CC /* Main.storyboard in Resources */,
				2CB9AC0C1AC4B897004520CC /* LaunchScreen.xib in Resources */,
				2CB9AC091AC4B897004520CC /* Images.xcassets in Resources */,
			);
			runOnlyForDeploymentPostprocessing = 0;
		};
/* End PBXResourcesBuildPhase section */

/* Begin PBXSourcesBuildPhase section */
		2CB9ABF81AC4B897004520CC /* Sources */ = {
			isa = PBXSourcesBuildPhase;
			buildActionMask = 2147483647;
			files = (
				2CB9AC241AC4BDFF004520CC /* DetailViewController.swift in Sources */,
				2CB9AC041AC4B897004520CC /* ViewController.swift in Sources */,
				2CB9AC021AC4B897004520CC /* AppDelegate.swift in Sources */,
			);
			runOnlyForDeploymentPostprocessing = 0;
		};
/* End PBXSourcesBuildPhase section */

/* Begin PBXVariantGroup section */
		2CB9AC051AC4B897004520CC /* Main.storyboard */ = {
			isa = PBXVariantGroup;
			children = (
				2CB9AC061AC4B897004520CC /* Base */,
			);
			name = Main.storyboard;
			sourceTree = "<group>";
		};
		2CB9AC0A1AC4B897004520CC /* LaunchScreen.xib */ = {
			isa = PBXVariantGroup;
			children = (
				2CB9AC0B1AC4B897004520CC /* Base */,
			);
			name = LaunchScreen.xib;
			sourceTree = "<group>";
		};
/* End PBXVariantGroup section */

/* Begin XCBuildConfiguration section */
		2CB9AC191AC4B897004520CC /* Debug */ = {
			isa = XCBuildConfiguration;
			buildSettings = {
				ALWAYS_SEARCH_USER_PATHS = NO;
				CLANG_CXX_LANGUAGE_STANDARD = "gnu++0x";
				CLANG_CXX_LIBRARY = "libc++";
				CLANG_ENABLE_MODULES = YES;
				CLANG_ENABLE_OBJC_ARC = YES;
				CLANG_WARN_BOOL_CONVERSION = YES;
				CLANG_WARN_CONSTANT_CONVERSION = YES;
				CLANG_WARN_DIRECT_OBJC_ISA_USAGE = YES_ERROR;
				CLANG_WARN_EMPTY_BODY = YES;
				CLANG_WARN_ENUM_CONVERSION = YES;
				CLANG_WARN_INT_CONVERSION = YES;
				CLANG_WARN_OBJC_ROOT_CLASS = YES_ERROR;
				CLANG_WARN_UNREACHABLE_CODE = YES;
				CLANG_WARN__DUPLICATE_METHOD_MATCH = YES;
				"CODE_SIGN_IDENTITY[sdk=iphoneos*]" = "iPhone Developer";
				COPY_PHASE_STRIP = NO;
				ENABLE_STRICT_OBJC_MSGSEND = YES;
				GCC_C_LANGUAGE_STANDARD = gnu99;
				GCC_DYNAMIC_NO_PIC = NO;
				GCC_OPTIMIZATION_LEVEL = 0;
				GCC_PREPROCESSOR_DEFINITIONS = (
					"DEBUG=1",
					"$(inherited)",
				);
				GCC_SYMBOLS_PRIVATE_EXTERN = NO;
				GCC_WARN_64_TO_32_BIT_CONVERSION = YES;
				GCC_WARN_ABOUT_RETURN_TYPE = YES_ERROR;
				GCC_WARN_UNDECLARED_SELECTOR = YES;
				GCC_WARN_UNINITIALIZED_AUTOS = YES_AGGRESSIVE;
				GCC_WARN_UNUSED_FUNCTION = YES;
				GCC_WARN_UNUSED_VARIABLE = YES;
				IPHONEOS_DEPLOYMENT_TARGET = 10.0;
				MTL_ENABLE_DEBUG_INFO = YES;
				ONLY_ACTIVE_ARCH = YES;
				SDKROOT = iphoneos;
				SWIFT_OPTIMIZATION_LEVEL = "-Onone";
			};
			name = Debug;
		};
		2CB9AC1A1AC4B897004520CC /* Release */ = {
			isa = XCBuildConfiguration;
			buildSettings = {
				ALWAYS_SEARCH_USER_PATHS = NO;
				CLANG_CXX_LANGUAGE_STANDARD = "gnu++0x";
				CLANG_CXX_LIBRARY = "libc++";
				CLANG_ENABLE_MODULES = YES;
				CLANG_ENABLE_OBJC_ARC = YES;
				CLANG_WARN_BOOL_CONVERSION = YES;
				CLANG_WARN_CONSTANT_CONVERSION = YES;
				CLANG_WARN_DIRECT_OBJC_ISA_USAGE = YES_ERROR;
				CLANG_WARN_EMPTY_BODY = YES;
				CLANG_WARN_ENUM_CONVERSION = YES;
				CLANG_WARN_INT_CONVERSION = YES;
				CLANG_WARN_OBJC_ROOT_CLASS = YES_ERROR;
				CLANG_WARN_UNREACHABLE_CODE = YES;
				CLANG_WARN__DUPLICATE_METHOD_MATCH = YES;
				"CODE_SIGN_IDENTITY[sdk=iphoneos*]" = "iPhone Developer";
				COPY_PHASE_STRIP = NO;
				ENABLE_NS_ASSERTIONS = NO;
				ENABLE_STRICT_OBJC_MSGSEND = YES;
				GCC_C_LANGUAGE_STANDARD = gnu99;
				GCC_WARN_64_TO_32_BIT_CONVERSION = YES;
				GCC_WARN_ABOUT_RETURN_TYPE = YES_ERROR;
				GCC_WARN_UNDECLARED_SELECTOR = YES;
				GCC_WARN_UNINITIALIZED_AUTOS = YES_AGGRESSIVE;
				GCC_WARN_UNUSED_FUNCTION = YES;
				GCC_WARN_UNUSED_VARIABLE = YES;
				IPHONEOS_DEPLOYMENT_TARGET = 10.0;
				MTL_ENABLE_DEBUG_INFO = NO;
				SDKROOT = iphoneos;
				VALIDATE_PRODUCT = YES;
			};
			name = Release;
		};
		2CB9AC1C1AC4B897004520CC /* Debug */ = {
			isa = XCBuildConfiguration;
			buildSettings = {
				ASSETCATALOG_COMPILER_APPICON_NAME = AppIcon;
				INFOPLIST_FILE = SpotAction/Info.plist;
				LD_RUNPATH_SEARCH_PATHS = "$(inherited) @executable_path/Frameworks";
				PRODUCT_NAME = "$(TARGET_NAME)";
				SWIFT_VERSION = 3.0;
			};
			name = Debug;
		};
		2CB9AC1D1AC4B897004520CC /* Release */ = {
			isa = XCBuildConfiguration;
			buildSettings = {
				ASSETCATALOG_COMPILER_APPICON_NAME = AppIcon;
				INFOPLIST_FILE = SpotAction/Info.plist;
				LD_RUNPATH_SEARCH_PATHS = "$(inherited) @executable_path/Frameworks";
				PRODUCT_NAME = "$(TARGET_NAME)";
				SWIFT_VERSION = 3.0;
			};
			name = Release;
		};
/* End XCBuildConfiguration section */

/* Begin XCConfigurationList section */
		2CB9ABF71AC4B897004520CC /* Build configuration list for PBXProject "SpotAction" */ = {
			isa = XCConfigurationList;
			buildConfigurations = (
				2CB9AC191AC4B897004520CC /* Debug */,
				2CB9AC1A1AC4B897004520CC /* Release */,
			);
			defaultConfigurationIsVisible = 0;
			defaultConfigurationName = Release;
		};
		2CB9AC1B1AC4B897004520CC /* Build configuration list for PBXNativeTarget "SpotAction" */ = {
			isa = XCConfigurationList;
			buildConfigurations = (
				2CB9AC1C1AC4B897004520CC /* Debug */,
				2CB9AC1D1AC4B897004520CC /* Release */,
			);
			defaultConfigurationIsVisible = 0;
			defaultConfigurationName = Release;
		};
/* End XCConfigurationList section */
	};
	rootObject = 2CB9ABF41AC4B897004520CC /* Project object */;
}
