// !$*UTF8*$!
{
	archiveVersion = 1;
	classes = {
	};
	objectVersion = 46;
	objects = {

/* Begin PBXBuildFile section */
		2C95AE781E11344400C840E1 /* AppDelegate.swift in Sources */ = {isa = PBXBuildFile; fileRef = 2C95AE771E11344400C840E1 /* AppDelegate.swift */; };
		2C95AE7A1E11344400C840E1 /* ViewController.swift in Sources */ = {isa = PBXBuildFile; fileRef = 2C95AE791E11344400C840E1 /* ViewController.swift */; };
		2C95AE7D1E11344400C840E1 /* Main.storyboard in Resources */ = {isa = PBXBuildFile; fileRef = 2C95AE7B1E11344400C840E1 /* Main.storyboard */; };
		2C95AE7F1E11344400C840E1 /* Assets.xcassets in Resources */ = {isa = PBXBuildFile; fileRef = 2C95AE7E1E11344400C840E1 /* Assets.xcassets */; };
		2C95AE821E11344400C840E1 /* LaunchScreen.storyboard in Resources */ = {isa = PBXBuildFile; fileRef = 2C95AE801E11344400C840E1 /* LaunchScreen.storyboard */; };
		2C95AE9D1E1137AD00C840E1 /* images2 in Resources */ = {isa = PBXBuildFile; fileRef = 2C95AE9C1E1137AD00C840E1 /* images2 */; };
		2C95AEA21E11384000C840E1 /* image.png in Resources */ = {isa = PBXBuildFile; fileRef = 2C95AE9F1E11384000C840E1 /* image.png */; };
		2C95AEA31E11384000C840E1 /* image@2x.png in Resources */ = {isa = PBXBuildFile; fileRef = 2C95AEA01E11384000C840E1 /* image@2x.png */; };
		2C95AEA41E11384000C840E1 /* image@3x.png in Resources */ = {isa = PBXBuildFile; fileRef = 2C95AEA11E11384000C840E1 /* image@3x.png */; };
		2C95AEC51E11447000C840E1 /* icon@2x.png in Resources */ = {isa = PBXBuildFile; fileRef = 2C95AEC31E11447000C840E1 /* icon@2x.png */; };
		2C95AEC61E11447000C840E1 /* icon@3x.png in Resources */ = {isa = PBXBuildFile; fileRef = 2C95AEC41E11447000C840E1 /* icon@3x.png */; };
/* End PBXBuildFile section */

/* Begin PBXFileReference section */
		2C95AE741E11344400C840E1 /* ImageFiles.app */ = {isa = PBXFileReference; explicitFileType = wrapper.application; includeInIndex = 0; path = ImageFiles.app; sourceTree = BUILT_PRODUCTS_DIR; };
		2C95AE771E11344400C840E1 /* AppDelegate.swift */ = {isa = PBXFileReference; lastKnownFileType = sourcecode.swift; path = AppDelegate.swift; sourceTree = "<group>"; };
		2C95AE791E11344400C840E1 /* ViewController.swift */ = {isa = PBXFileReference; lastKnownFileType = sourcecode.swift; path = ViewController.swift; sourceTree = "<group>"; };
		2C95AE7C1E11344400C840E1 /* Base */ = {isa = PBXFileReference; lastKnownFileType = file.storyboard; name = Base; path = Base.lproj/Main.storyboard; sourceTree = "<group>"; };
		2C95AE7E1E11344400C840E1 /* Assets.xcassets */ = {isa = PBXFileReference; lastKnownFileType = folder.assetcatalog; path = Assets.xcassets; sourceTree = "<group>"; };
		2C95AE811E11344400C840E1 /* Base */ = {isa = PBXFileReference; lastKnownFileType = file.storyboard; name = Base; path = Base.lproj/LaunchScreen.storyboard; sourceTree = "<group>"; };
		2C95AE831E11344400C840E1 /* Info.plist */ = {isa = PBXFileReference; lastKnownFileType = text.plist.xml; path = Info.plist; sourceTree = "<group>"; };
		2C95AE9C1E1137AD00C840E1 /* images2 */ = {isa = PBXFileReference; lastKnownFileType = folder; path = images2; sourceTree = "<group>"; };
		2C95AE9F1E11384000C840E1 /* image.png */ = {isa = PBXFileReference; lastKnownFileType = image.png; path = image.png; sourceTree = "<group>"; };
		2C95AEA01E11384000C840E1 /* image@2x.png */ = {isa = PBXFileReference; lastKnownFileType = image.png; path = "image@2x.png"; sourceTree = "<group>"; };
		2C95AEA11E11384000C840E1 /* image@3x.png */ = {isa = PBXFileReference; lastKnownFileType = image.png; path = "image@3x.png"; sourceTree = "<group>"; };
		2C95AEC31E11447000C840E1 /* icon@2x.png */ = {isa = PBXFileReference; lastKnownFileType = image.png; path = "icon@2x.png"; sourceTree = "<group>"; };
		2C95AEC41E11447000C840E1 /* icon@3x.png */ = {isa = PBXFileReference; lastKnownFileType = image.png; path = "icon@3x.png"; sourceTree = "<group>"; };
/* End PBXFileReference section */

/* Begin PBXFrameworksBuildPhase section */
		2C95AE711E11344400C840E1 /* Frameworks */ = {
			isa = PBXFrameworksBuildPhase;
			buildActionMask = 2147483647;
			files = (
			);
			runOnlyForDeploymentPostprocessing = 0;
		};
/* End PBXFrameworksBuildPhase section */

/* Begin PBXGroup section */
		2C95AE6B1E11344400C840E1 = {
			isa = PBXGroup;
			children = (
				2C95AE761E11344400C840E1 /* ImageFiles */,
				2C95AE751E11344400C840E1 /* Products */,
			);
			sourceTree = "<group>";
		};
		2C95AE751E11344400C840E1 /* Products */ = {
			isa = PBXGroup;
			children = (
				2C95AE741E11344400C840E1 /* ImageFiles.app */,
			);
			name = Products;
			sourceTree = "<group>";
		};
		2C95AE761E11344400C840E1 /* ImageFiles */ = {
			isa = PBXGroup;
			children = (
				2C95AEC31E11447000C840E1 /* icon@2x.png */,
				2C95AEC41E11447000C840E1 /* icon@3x.png */,
				2C95AE9E1E11384000C840E1 /* images */,
				2C95AE9C1E1137AD00C840E1 /* images2 */,
				2C95AE771E11344400C840E1 /* AppDelegate.swift */,
				2C95AE791E11344400C840E1 /* ViewController.swift */,
				2C95AE7B1E11344400C840E1 /* Main.storyboard */,
				2C95AE7E1E11344400C840E1 /* Assets.xcassets */,
				2C95AE801E11344400C840E1 /* LaunchScreen.storyboard */,
				2C95AE831E11344400C840E1 /* Info.plist */,
			);
			path = ImageFiles;
			sourceTree = "<group>";
		};
		2C95AE9E1E11384000C840E1 /* images */ = {
			isa = PBXGroup;
			children = (
				2C95AE9F1E11384000C840E1 /* image.png */,
				2C95AEA01E11384000C840E1 /* image@2x.png */,
				2C95AEA11E11384000C840E1 /* image@3x.png */,
			);
			path = images;
			sourceTree = "<group>";
		};
/* End PBXGroup section */

/* Begin PBXNativeTarget section */
		2C95AE731E11344400C840E1 /* ImageFiles */ = {
			isa = PBXNativeTarget;
			buildConfigurationList = 2C95AE861E11344400C840E1 /* Build configuration list for PBXNativeTarget "ImageFiles" */;
			buildPhases = (
				2C95AE701E11344400C840E1 /* Sources */,
				2C95AE711E11344400C840E1 /* Frameworks */,
				2C95AE721E11344400C840E1 /* Resources */,
			);
			buildRules = (
			);
			dependencies = (
			);
			name = ImageFiles;
			productName = ImageFiles;
			productReference = 2C95AE741E11344400C840E1 /* ImageFiles.app */;
			productType = "com.apple.product-type.application";
		};
/* End PBXNativeTarget section */

/* Begin PBXProject section */
		2C95AE6C1E11344400C840E1 /* Project object */ = {
			isa = PBXProject;
			attributes = {
				LastSwiftUpdateCheck = 0820;
				LastUpgradeCheck = 0820;
				ORGANIZATIONNAME = vanillastep;
				TargetAttributes = {
					2C95AE731E11344400C840E1 = {
						CreatedOnToolsVersion = 8.2;
						ProvisioningStyle = Automatic;
					};
				};
			};
			buildConfigurationList = 2C95AE6F1E11344400C840E1 /* Build configuration list for PBXProject "ImageFiles" */;
			compatibilityVersion = "Xcode 3.2";
			developmentRegion = English;
			hasScannedForEncodings = 0;
			knownRegions = (
				en,
				Base,
			);
			mainGroup = 2C95AE6B1E11344400C840E1;
			productRefGroup = 2C95AE751E11344400C840E1 /* Products */;
			projectDirPath = "";
			projectRoot = "";
			targets = (
				2C95AE731E11344400C840E1 /* ImageFiles */,
			);
		};
/* End PBXProject section */

/* Begin PBXResourcesBuildPhase section */
		2C95AE721E11344400C840E1 /* Resources */ = {
			isa = PBXResourcesBuildPhase;
			buildActionMask = 2147483647;
			files = (
				2C95AEC61E11447000C840E1 /* icon@3x.png in Resources */,
				2C95AEC51E11447000C840E1 /* icon@2x.png in Resources */,
				2C95AEA31E11384000C840E1 /* image@2x.png in Resources */,
				2C95AEA41E11384000C840E1 /* image@3x.png in Resources */,
				2C95AE821E11344400C840E1 /* LaunchScreen.storyboard in Resources */,
				2C95AE9D1E1137AD00C840E1 /* images2 in Resources */,
				2C95AE7F1E11344400C840E1 /* Assets.xcassets in Resources */,
				2C95AE7D1E11344400C840E1 /* Main.storyboard in Resources */,
				2C95AEA21E11384000C840E1 /* image.png in Resources */,
			);
			runOnlyForDeploymentPostprocessing = 0;
		};
/* End PBXResourcesBuildPhase section */

/* Begin PBXSourcesBuildPhase section */
		2C95AE701E11344400C840E1 /* Sources */ = {
			isa = PBXSourcesBuildPhase;
			buildActionMask = 2147483647;
			files = (
				2C95AE7A1E11344400C840E1 /* ViewController.swift in Sources */,
				2C95AE781E11344400C840E1 /* AppDelegate.swift in Sources */,
			);
			runOnlyForDeploymentPostprocessing = 0;
		};
/* End PBXSourcesBuildPhase section */

/* Begin PBXVariantGroup section */
		2C95AE7B1E11344400C840E1 /* Main.storyboard */ = {
			isa = PBXVariantGroup;
			children = (
				2C95AE7C1E11344400C840E1 /* Base */,
			);
			name = Main.storyboard;
			sourceTree = "<group>";
		};
		2C95AE801E11344400C840E1 /* LaunchScreen.storyboard */ = {
			isa = PBXVariantGroup;
			children = (
				2C95AE811E11344400C840E1 /* Base */,
			);
			name = LaunchScreen.storyboard;
			sourceTree = "<group>";
		};
/* End PBXVariantGroup section */

/* Begin XCBuildConfiguration section */
		2C95AE841E11344400C840E1 /* Debug */ = {
			isa = XCBuildConfiguration;
			buildSettings = {
				ALWAYS_SEARCH_USER_PATHS = NO;
				CLANG_ANALYZER_NONNULL = YES;
				CLANG_CXX_LANGUAGE_STANDARD = "gnu++0x";
				CLANG_CXX_LIBRARY = "libc++";
				CLANG_ENABLE_MODULES = YES;
				CLANG_ENABLE_OBJC_ARC = YES;
				CLANG_WARN_BOOL_CONVERSION = YES;
				CLANG_WARN_CONSTANT_CONVERSION = YES;
				CLANG_WARN_DIRECT_OBJC_ISA_USAGE = YES_ERROR;
				CLANG_WARN_DOCUMENTATION_COMMENTS = YES;
				CLANG_WARN_EMPTY_BODY = YES;
				CLANG_WARN_ENUM_CONVERSION = YES;
				CLANG_WARN_INFINITE_RECURSION = YES;
				CLANG_WARN_INT_CONVERSION = YES;
				CLANG_WARN_OBJC_ROOT_CLASS = YES_ERROR;
				CLANG_WARN_SUSPICIOUS_MOVE = YES;
				CLANG_WARN_UNREACHABLE_CODE = YES;
				CLANG_WARN__DUPLICATE_METHOD_MATCH = YES;
				"CODE_SIGN_IDENTITY[sdk=iphoneos*]" = "iPhone Developer";
				COPY_PHASE_STRIP = NO;
				DEBUG_INFORMATION_FORMAT = dwarf;
				ENABLE_STRICT_OBJC_MSGSEND = YES;
				ENABLE_TESTABILITY = YES;
				GCC_C_LANGUAGE_STANDARD = gnu99;
				GCC_DYNAMIC_NO_PIC = NO;
				GCC_NO_COMMON_BLOCKS = YES;
				GCC_OPTIMIZATION_LEVEL = 0;
				GCC_PREPROCESSOR_DEFINITIONS = (
					"DEBUG=1",
					"$(inherited)",
				);
				GCC_WARN_64_TO_32_BIT_CONVERSION = YES;
				GCC_WARN_ABOUT_RETURN_TYPE = YES_ERROR;
				GCC_WARN_UNDECLARED_SELECTOR = YES;
				GCC_WARN_UNINITIALIZED_AUTOS = YES_AGGRESSIVE;
				GCC_WARN_UNUSED_FUNCTION = YES;
				GCC_WARN_UNUSED_VARIABLE = YES;
				IPHONEOS_DEPLOYMENT_TARGET = 10.2;
				MTL_ENABLE_DEBUG_INFO = YES;
				ONLY_ACTIVE_ARCH = YES;
				SDKROOT = iphoneos;
				SWIFT_ACTIVE_COMPILATION_CONDITIONS = DEBUG;
				SWIFT_OPTIMIZATION_LEVEL = "-Onone";
				TARGETED_DEVICE_FAMILY = "1,2";
			};
			name = Debug;
		};
		2C95AE851E11344400C840E1 /* Release */ = {
			isa = XCBuildConfiguration;
			buildSettings = {
				ALWAYS_SEARCH_USER_PATHS = NO;
				CLANG_ANALYZER_NONNULL = YES;
				CLANG_CXX_LANGUAGE_STANDARD = "gnu++0x";
				CLANG_CXX_LIBRARY = "libc++";
				CLANG_ENABLE_MODULES = YES;
				CLANG_ENABLE_OBJC_ARC = YES;
				CLANG_WARN_BOOL_CONVERSION = YES;
				CLANG_WARN_CONSTANT_CONVERSION = YES;
				CLANG_WARN_DIRECT_OBJC_ISA_USAGE = YES_ERROR;
				CLANG_WARN_DOCUMENTATION_COMMENTS = YES;
				CLANG_WARN_EMPTY_BODY = YES;
				CLANG_WARN_ENUM_CONVERSION = YES;
				CLANG_WARN_INFINITE_RECURSION = YES;
				CLANG_WARN_INT_CONVERSION = YES;
				CLANG_WARN_OBJC_ROOT_CLASS = YES_ERROR;
				CLANG_WARN_SUSPICIOUS_MOVE = YES;
				CLANG_WARN_UNREACHABLE_CODE = YES;
				CLANG_WARN__DUPLICATE_METHOD_MATCH = YES;
				"CODE_SIGN_IDENTITY[sdk=iphoneos*]" = "iPhone Developer";
				COPY_PHASE_STRIP = NO;
				DEBUG_INFORMATION_FORMAT = "dwarf-with-dsym";
				ENABLE_NS_ASSERTIONS = NO;
				ENABLE_STRICT_OBJC_MSGSEND = YES;
				GCC_C_LANGUAGE_STANDARD = gnu99;
				GCC_NO_COMMON_BLOCKS = YES;
				GCC_WARN_64_TO_32_BIT_CONVERSION = YES;
				GCC_WARN_ABOUT_RETURN_TYPE = YES_ERROR;
				GCC_WARN_UNDECLARED_SELECTOR = YES;
				GCC_WARN_UNINITIALIZED_AUTOS = YES_AGGRESSIVE;
				GCC_WARN_UNUSED_FUNCTION = YES;
				GCC_WARN_UNUSED_VARIABLE = YES;
				IPHONEOS_DEPLOYMENT_TARGET = 10.2;
				MTL_ENABLE_DEBUG_INFO = NO;
				SDKROOT = iphoneos;
				SWIFT_OPTIMIZATION_LEVEL = "-Owholemodule";
				TARGETED_DEVICE_FAMILY = "1,2";
				VALIDATE_PRODUCT = YES;
			};
			name = Release;
		};
		2C95AE871E11344400C840E1 /* Debug */ = {
			isa = XCBuildConfiguration;
			buildSettings = {
				ASSETCATALOG_COMPILER_APPICON_NAME = AppIcon;
				INFOPLIST_FILE = ImageFiles/Info.plist;
				LD_RUNPATH_SEARCH_PATHS = "$(inherited) @executable_path/Frameworks";
				PRODUCT_BUNDLE_IDENTIFIER = "com.vanillastep.ios-example.ImageFiles";
				PRODUCT_NAME = "$(TARGET_NAME)";
				SWIFT_VERSION = 3.0;
			};
			name = Debug;
		};
		2C95AE881E11344400C840E1 /* Release */ = {
			isa = XCBuildConfiguration;
			buildSettings = {
				ASSETCATALOG_COMPILER_APPICON_NAME = AppIcon;
				INFOPLIST_FILE = ImageFiles/Info.plist;
				LD_RUNPATH_SEARCH_PATHS = "$(inherited) @executable_path/Frameworks";
				PRODUCT_BUNDLE_IDENTIFIER = "com.vanillastep.ios-example.ImageFiles";
				PRODUCT_NAME = "$(TARGET_NAME)";
				SWIFT_VERSION = 3.0;
			};
			name = Release;
		};
/* End XCBuildConfiguration section */

/* Begin XCConfigurationList section */
		2C95AE6F1E11344400C840E1 /* Build configuration list for PBXProject "ImageFiles" */ = {
			isa = XCConfigurationList;
			buildConfigurations = (
				2C95AE841E11344400C840E1 /* Debug */,
				2C95AE851E11344400C840E1 /* Release */,
			);
			defaultConfigurationIsVisible = 0;
			defaultConfigurationName = Release;
		};
		2C95AE861E11344400C840E1 /* Build configuration list for PBXNativeTarget "ImageFiles" */ = {
			isa = XCConfigurationList;
			buildConfigurations = (
				2C95AE871E11344400C840E1 /* Debug */,
				2C95AE881E11344400C840E1 /* Release */,
			);
			defaultConfigurationIsVisible = 0;
			defaultConfigurationName = Release;
		};
/* End XCConfigurationList section */
	};
	rootObject = 2C95AE6C1E11344400C840E1 /* Project object */;
}
