// !$*UTF8*$!
{
	archiveVersion = 1;
	classes = {
	};
	objectVersion = 46;
	objects = {

/* Begin PBXBuildFile section */
		2C13208D1BD8661500B8DA1A /* AppDelegate.swift in Sources */ = {isa = PBXBuildFile; fileRef = 2C13208C1BD8661500B8DA1A /* AppDelegate.swift */; };
		2C1320941BD8661500B8DA1A /* Assets.xcassets in Resources */ = {isa = PBXBuildFile; fileRef = 2C1320931BD8661500B8DA1A /* Assets.xcassets */; };
		2C1320971BD8661500B8DA1A /* LaunchScreen.storyboard in Resources */ = {isa = PBXBuildFile; fileRef = 2C1320951BD8661500B8DA1A /* LaunchScreen.storyboard */; };
		2C1320A21BD8664900B8DA1A /* ViewController.swift in Sources */ = {isa = PBXBuildFile; fileRef = 2C1320A01BD8664900B8DA1A /* ViewController.swift */; };
		2C1320A31BD8664900B8DA1A /* Main.storyboard in Resources */ = {isa = PBXBuildFile; fileRef = 2C1320A11BD8664900B8DA1A /* Main.storyboard */; };
/* End PBXBuildFile section */

/* Begin PBXFileReference section */
		2C1320891BD8661500B8DA1A /* MyMediaPlayer.app */ = {isa = PBXFileReference; explicitFileType = wrapper.application; includeInIndex = 0; path = MyMediaPlayer.app; sourceTree = BUILT_PRODUCTS_DIR; };
		2C13208C1BD8661500B8DA1A /* AppDelegate.swift */ = {isa = PBXFileReference; lastKnownFileType = sourcecode.swift; path = AppDelegate.swift; sourceTree = "<group>"; };
		2C1320931BD8661500B8DA1A /* Assets.xcassets */ = {isa = PBXFileReference; lastKnownFileType = folder.assetcatalog; path = Assets.xcassets; sourceTree = "<group>"; };
		2C1320961BD8661500B8DA1A /* Base */ = {isa = PBXFileReference; lastKnownFileType = file.storyboard; name = Base; path = Base.lproj/LaunchScreen.storyboard; sourceTree = "<group>"; };
		2C1320981BD8661500B8DA1A /* Info.plist */ = {isa = PBXFileReference; lastKnownFileType = text.plist.xml; path = Info.plist; sourceTree = "<group>"; };
		2C1320A01BD8664900B8DA1A /* ViewController.swift */ = {isa = PBXFileReference; fileEncoding = 4; lastKnownFileType = sourcecode.swift; path = ViewController.swift; sourceTree = "<group>"; };
		2C1320A11BD8664900B8DA1A /* Main.storyboard */ = {isa = PBXFileReference; fileEncoding = 4; lastKnownFileType = file.storyboard; path = Main.storyboard; sourceTree = "<group>"; };
/* End PBXFileReference section */

/* Begin PBXFrameworksBuildPhase section */
		2C1320861BD8661500B8DA1A /* Frameworks */ = {
			isa = PBXFrameworksBuildPhase;
			buildActionMask = 2147483647;
			files = (
			);
			runOnlyForDeploymentPostprocessing = 0;
		};
/* End PBXFrameworksBuildPhase section */

/* Begin PBXGroup section */
		2C1320801BD8661500B8DA1A = {
			isa = PBXGroup;
			children = (
				2C13208B1BD8661500B8DA1A /* MyMediaPlayer */,
				2C13208A1BD8661500B8DA1A /* Products */,
			);
			sourceTree = "<group>";
		};
		2C13208A1BD8661500B8DA1A /* Products */ = {
			isa = PBXGroup;
			children = (
				2C1320891BD8661500B8DA1A /* MyMediaPlayer.app */,
			);
			name = Products;
			sourceTree = "<group>";
		};
		2C13208B1BD8661500B8DA1A /* MyMediaPlayer */ = {
			isa = PBXGroup;
			children = (
				2C13208C1BD8661500B8DA1A /* AppDelegate.swift */,
				2C1320A01BD8664900B8DA1A /* ViewController.swift */,
				2C1320A11BD8664900B8DA1A /* Main.storyboard */,
				2C1320931BD8661500B8DA1A /* Assets.xcassets */,
				2C1320951BD8661500B8DA1A /* LaunchScreen.storyboard */,
				2C1320981BD8661500B8DA1A /* Info.plist */,
			);
			path = MyMediaPlayer;
			sourceTree = "<group>";
		};
/* End PBXGroup section */

/* Begin PBXNativeTarget section */
		2C1320881BD8661500B8DA1A /* MyMediaPlayer */ = {
			isa = PBXNativeTarget;
			buildConfigurationList = 2C13209B1BD8661500B8DA1A /* Build configuration list for PBXNativeTarget "MyMediaPlayer" */;
			buildPhases = (
				2C1320851BD8661500B8DA1A /* Sources */,
				2C1320861BD8661500B8DA1A /* Frameworks */,
				2C1320871BD8661500B8DA1A /* Resources */,
			);
			buildRules = (
			);
			dependencies = (
			);
			name = MyMediaPlayer;
			productName = MyMediaPlayer;
			productReference = 2C1320891BD8661500B8DA1A /* MyMediaPlayer.app */;
			productType = "com.apple.product-type.application";
		};
/* End PBXNativeTarget section */

/* Begin PBXProject section */
		2C1320811BD8661500B8DA1A /* Project object */ = {
			isa = PBXProject;
			attributes = {
				LastUpgradeCheck = 0820;
				ORGANIZATIONNAME = VanillaStep;
				TargetAttributes = {
					2C1320881BD8661500B8DA1A = {
						CreatedOnToolsVersion = 7.0.1;
						DevelopmentTeam = U83637X5J4;
						LastSwiftMigration = 0820;
					};
				};
			};
			buildConfigurationList = 2C1320841BD8661500B8DA1A /* Build configuration list for PBXProject "MyMediaPlayer" */;
			compatibilityVersion = "Xcode 3.2";
			developmentRegion = English;
			hasScannedForEncodings = 0;
			knownRegions = (
				en,
				Base,
			);
			mainGroup = 2C1320801BD8661500B8DA1A;
			productRefGroup = 2C13208A1BD8661500B8DA1A /* Products */;
			projectDirPath = "";
			projectRoot = "";
			targets = (
				2C1320881BD8661500B8DA1A /* MyMediaPlayer */,
			);
		};
/* End PBXProject section */

/* Begin PBXResourcesBuildPhase section */
		2C1320871BD8661500B8DA1A /* Resources */ = {
			isa = PBXResourcesBuildPhase;
			buildActionMask = 2147483647;
			files = (
				2C1320A31BD8664900B8DA1A /* Main.storyboard in Resources */,
				2C1320971BD8661500B8DA1A /* LaunchScreen.storyboard in Resources */,
				2C1320941BD8661500B8DA1A /* Assets.xcassets in Resources */,
			);
			runOnlyForDeploymentPostprocessing = 0;
		};
/* End PBXResourcesBuildPhase section */

/* Begin PBXSourcesBuildPhase section */
		2C1320851BD8661500B8DA1A /* Sources */ = {
			isa = PBXSourcesBuildPhase;
			buildActionMask = 2147483647;
			files = (
				2C1320A21BD8664900B8DA1A /* ViewController.swift in Sources */,
				2C13208D1BD8661500B8DA1A /* AppDelegate.swift in Sources */,
			);
			runOnlyForDeploymentPostprocessing = 0;
		};
/* End PBXSourcesBuildPhase section */

/* Begin PBXVariantGroup section */
		2C1320951BD8661500B8DA1A /* LaunchScreen.storyboard */ = {
			isa = PBXVariantGroup;
			children = (
				2C1320961BD8661500B8DA1A /* Base */,
			);
			name = LaunchScreen.storyboard;
			sourceTree = "<group>";
		};
/* End PBXVariantGroup section */

/* Begin XCBuildConfiguration section */
		2C1320991BD8661500B8DA1A /* Debug */ = {
			isa = XCBuildConfiguration;
			buildSettings = {
				ALWAYS_SEARCH_USER_PATHS = NO;
				CLANG_CXX_LANGUAGE_STANDARD = "gnu++0x";
				CLANG_CXX_LIBRARY = "libc++";
				CLANG_ENABLE_MODULES = YES;
				CLANG_ENABLE_OBJC_ARC = YES;
				CLANG_WARN_BOOL_CONVERSION = YES;
				CLANG_WARN_CONSTANT_CONVERSION = YES;
				CLANG_WARN_DIRECT_OBJC_ISA_USAGE = YES_ERROR;
				CLANG_WARN_EMPTY_BODY = YES;
				CLANG_WARN_ENUM_CONVERSION = YES;
				CLANG_WARN_INFINITE_RECURSION = YES;
				CLANG_WARN_INT_CONVERSION = YES;
				CLANG_WARN_OBJC_ROOT_CLASS = YES_ERROR;
				CLANG_WARN_SUSPICIOUS_MOVE = YES;
				CLANG_WARN_UNREACHABLE_CODE = YES;
				CLANG_WARN__DUPLICATE_METHOD_MATCH = YES;
				"CODE_SIGN_IDENTITY[sdk=iphoneos*]" = "iPhone Developer";
				COPY_PHASE_STRIP = NO;
				DEBUG_INFORMATION_FORMAT = dwarf;
				ENABLE_STRICT_OBJC_MSGSEND = YES;
				ENABLE_TESTABILITY = YES;
				GCC_C_LANGUAGE_STANDARD = gnu99;
				GCC_DYNAMIC_NO_PIC = NO;
				GCC_NO_COMMON_BLOCKS = YES;
				GCC_OPTIMIZATION_LEVEL = 0;
				GCC_PREPROCESSOR_DEFINITIONS = (
					"DEBUG=1",
					"$(inherited)",
				);
				GCC_WARN_64_TO_32_BIT_CONVERSION = YES;
				GCC_WARN_ABOUT_RETURN_TYPE = YES_ERROR;
				GCC_WARN_UNDECLARED_SELECTOR = YES;
				GCC_WARN_UNINITIALIZED_AUTOS = YES_AGGRESSIVE;
				GCC_WARN_UNUSED_FUNCTION = YES;
				GCC_WARN_UNUSED_VARIABLE = YES;
				IPHONEOS_DEPLOYMENT_TARGET = 9.0;
				MTL_ENABLE_DEBUG_INFO = YES;
				ONLY_ACTIVE_ARCH = YES;
				SDKROOT = iphoneos;
				SWIFT_OPTIMIZATION_LEVEL = "-Onone";
			};
			name = Debug;
		};
		2C13209A1BD8661500B8DA1A /* Release */ = {
			isa = XCBuildConfiguration;
			buildSettings = {
				ALWAYS_SEARCH_USER_PATHS = NO;
				CLANG_CXX_LANGUAGE_STANDARD = "gnu++0x";
				CLANG_CXX_LIBRARY = "libc++";
				CLANG_ENABLE_MODULES = YES;
				CLANG_ENABLE_OBJC_ARC = YES;
				CLANG_WARN_BOOL_CONVERSION = YES;
				CLANG_WARN_CONSTANT_CONVERSION = YES;
				CLANG_WARN_DIRECT_OBJC_ISA_USAGE = YES_ERROR;
				CLANG_WARN_EMPTY_BODY = YES;
				CLANG_WARN_ENUM_CONVERSION = YES;
				CLANG_WARN_INFINITE_RECURSION = YES;
				CLANG_WARN_INT_CONVERSION = YES;
				CLANG_WARN_OBJC_ROOT_CLASS = YES_ERROR;
				CLANG_WARN_SUSPICIOUS_MOVE = YES;
				CLANG_WARN_UNREACHABLE_CODE = YES;
				CLANG_WARN__DUPLICATE_METHOD_MATCH = YES;
				"CODE_SIGN_IDENTITY[sdk=iphoneos*]" = "iPhone Developer";
				COPY_PHASE_STRIP = NO;
				DEBUG_INFORMATION_FORMAT = "dwarf-with-dsym";
				ENABLE_NS_ASSERTIONS = NO;
				ENABLE_STRICT_OBJC_MSGSEND = YES;
				GCC_C_LANGUAGE_STANDARD = gnu99;
				GCC_NO_COMMON_BLOCKS = YES;
				GCC_WARN_64_TO_32_BIT_CONVERSION = YES;
				GCC_WARN_ABOUT_RETURN_TYPE = YES_ERROR;
				GCC_WARN_UNDECLARED_SELECTOR = YES;
				GCC_WARN_UNINITIALIZED_AUTOS = YES_AGGRESSIVE;
				GCC_WARN_UNUSED_FUNCTION = YES;
				GCC_WARN_UNUSED_VARIABLE = YES;
				IPHONEOS_DEPLOYMENT_TARGET = 9.0;
				MTL_ENABLE_DEBUG_INFO = NO;
				SDKROOT = iphoneos;
				SWIFT_OPTIMIZATION_LEVEL = "-Owholemodule";
				VALIDATE_PRODUCT = YES;
			};
			name = Release;
		};
		2C13209C1BD8661500B8DA1A /* Debug */ = {
			isa = XCBuildConfiguration;
			buildSettings = {
				ASSETCATALOG_COMPILER_APPICON_NAME = AppIcon;
				DEVELOPMENT_TEAM = U83637X5J4;
				INFOPLIST_FILE = MyMediaPlayer/Info.plist;
				LD_RUNPATH_SEARCH_PATHS = "$(inherited) @executable_path/Frameworks";
				PRODUCT_BUNDLE_IDENTIFIER = com.vanillastep.example.ios.MyMediaPlayer;
				PRODUCT_NAME = "$(TARGET_NAME)";
				SWIFT_VERSION = 3.0;
			};
			name = Debug;
		};
		2C13209D1BD8661500B8DA1A /* Release */ = {
			isa = XCBuildConfiguration;
			buildSettings = {
				ASSETCATALOG_COMPILER_APPICON_NAME = AppIcon;
				DEVELOPMENT_TEAM = U83637X5J4;
				INFOPLIST_FILE = MyMediaPlayer/Info.plist;
				LD_RUNPATH_SEARCH_PATHS = "$(inherited) @executable_path/Frameworks";
				PRODUCT_BUNDLE_IDENTIFIER = com.vanillastep.example.ios.MyMediaPlayer;
				PRODUCT_NAME = "$(TARGET_NAME)";
				SWIFT_VERSION = 3.0;
			};
			name = Release;
		};
/* End XCBuildConfiguration section */

/* Begin XCConfigurationList section */
		2C1320841BD8661500B8DA1A /* Build configuration list for PBXProject "MyMediaPlayer" */ = {
			isa = XCConfigurationList;
			buildConfigurations = (
				2C1320991BD8661500B8DA1A /* Debug */,
				2C13209A1BD8661500B8DA1A /* Release */,
			);
			defaultConfigurationIsVisible = 0;
			defaultConfigurationName = Release;
		};
		2C13209B1BD8661500B8DA1A /* Build configuration list for PBXNativeTarget "MyMediaPlayer" */ = {
			isa = XCConfigurationList;
			buildConfigurations = (
				2C13209C1BD8661500B8DA1A /* Debug */,
				2C13209D1BD8661500B8DA1A /* Release */,
			);
			defaultConfigurationIsVisible = 0;
			defaultConfigurationName = Release;
		};
/* End XCConfigurationList section */
	};
	rootObject = 2C1320811BD8661500B8DA1A /* Project object */;
}
