// !$*UTF8*$!
{
	archiveVersion = 1;
	classes = {
	};
	objectVersion = 46;
	objects = {

/* Begin PBXBuildFile section */
		2C8D33DA1D9823340051977B /* AppDelegate.swift in Sources */ = {isa = PBXBuildFile; fileRef = 2C8D33D91D9823340051977B /* AppDelegate.swift */; };
		2C8D33DC1D9823340051977B /* ViewController.swift in Sources */ = {isa = PBXBuildFile; fileRef = 2C8D33DB1D9823340051977B /* ViewController.swift */; };
		2C8D33DF1D9823340051977B /* Main.storyboard in Resources */ = {isa = PBXBuildFile; fileRef = 2C8D33DD1D9823340051977B /* Main.storyboard */; };
		2C8D33E11D9823340051977B /* Assets.xcassets in Resources */ = {isa = PBXBuildFile; fileRef = 2C8D33E01D9823340051977B /* Assets.xcassets */; };
		2C8D33E41D9823340051977B /* LaunchScreen.storyboard in Resources */ = {isa = PBXBuildFile; fileRef = 2C8D33E21D9823340051977B /* LaunchScreen.storyboard */; };
		2C8D33EC1D98234C0051977B /* TodoManager.swift in Sources */ = {isa = PBXBuildFile; fileRef = 2C8D33EB1D98234C0051977B /* TodoManager.swift */; };
/* End PBXBuildFile section */

/* Begin PBXFileReference section */
		2C8D33D61D9823340051977B /* TodoWithMVC.app */ = {isa = PBXFileReference; explicitFileType = wrapper.application; includeInIndex = 0; path = TodoWithMVC.app; sourceTree = BUILT_PRODUCTS_DIR; };
		2C8D33D91D9823340051977B /* AppDelegate.swift */ = {isa = PBXFileReference; lastKnownFileType = sourcecode.swift; path = AppDelegate.swift; sourceTree = "<group>"; };
		2C8D33DB1D9823340051977B /* ViewController.swift */ = {isa = PBXFileReference; lastKnownFileType = sourcecode.swift; path = ViewController.swift; sourceTree = "<group>"; };
		2C8D33DE1D9823340051977B /* Base */ = {isa = PBXFileReference; lastKnownFileType = file.storyboard; name = Base; path = Base.lproj/Main.storyboard; sourceTree = "<group>"; };
		2C8D33E01D9823340051977B /* Assets.xcassets */ = {isa = PBXFileReference; lastKnownFileType = folder.assetcatalog; path = Assets.xcassets; sourceTree = "<group>"; };
		2C8D33E31D9823340051977B /* Base */ = {isa = PBXFileReference; lastKnownFileType = file.storyboard; name = Base; path = Base.lproj/LaunchScreen.storyboard; sourceTree = "<group>"; };
		2C8D33E51D9823340051977B /* Info.plist */ = {isa = PBXFileReference; lastKnownFileType = text.plist.xml; path = Info.plist; sourceTree = "<group>"; };
		2C8D33EB1D98234C0051977B /* TodoManager.swift */ = {isa = PBXFileReference; fileEncoding = 4; lastKnownFileType = sourcecode.swift; path = TodoManager.swift; sourceTree = "<group>"; };
/* End PBXFileReference section */

/* Begin PBXFrameworksBuildPhase section */
		2C8D33D31D9823340051977B /* Frameworks */ = {
			isa = PBXFrameworksBuildPhase;
			buildActionMask = 2147483647;
			files = (
			);
			runOnlyForDeploymentPostprocessing = 0;
		};
/* End PBXFrameworksBuildPhase section */

/* Begin PBXGroup section */
		2C8D33CD1D9823340051977B = {
			isa = PBXGroup;
			children = (
				2C8D33D81D9823340051977B /* TodoWithMVC */,
				2C8D33D71D9823340051977B /* Products */,
			);
			sourceTree = "<group>";
		};
		2C8D33D71D9823340051977B /* Products */ = {
			isa = PBXGroup;
			children = (
				2C8D33D61D9823340051977B /* TodoWithMVC.app */,
			);
			name = Products;
			sourceTree = "<group>";
		};
		2C8D33D81D9823340051977B /* TodoWithMVC */ = {
			isa = PBXGroup;
			children = (
				2C8D33D91D9823340051977B /* AppDelegate.swift */,
				2C8D33DB1D9823340051977B /* ViewController.swift */,
				2C8D33DD1D9823340051977B /* Main.storyboard */,
				2C8D33E01D9823340051977B /* Assets.xcassets */,
				2C8D33E21D9823340051977B /* LaunchScreen.storyboard */,
				2C8D33E51D9823340051977B /* Info.plist */,
				2C8D33EB1D98234C0051977B /* TodoManager.swift */,
			);
			path = TodoWithMVC;
			sourceTree = "<group>";
		};
/* End PBXGroup section */

/* Begin PBXNativeTarget section */
		2C8D33D51D9823340051977B /* TodoWithMVC */ = {
			isa = PBXNativeTarget;
			buildConfigurationList = 2C8D33E81D9823340051977B /* Build configuration list for PBXNativeTarget "TodoWithMVC" */;
			buildPhases = (
				2C8D33D21D9823340051977B /* Sources */,
				2C8D33D31D9823340051977B /* Frameworks */,
				2C8D33D41D9823340051977B /* Resources */,
			);
			buildRules = (
			);
			dependencies = (
			);
			name = TodoWithMVC;
			productName = TodoWithMVC;
			productReference = 2C8D33D61D9823340051977B /* TodoWithMVC.app */;
			productType = "com.apple.product-type.application";
		};
/* End PBXNativeTarget section */

/* Begin PBXProject section */
		2C8D33CE1D9823340051977B /* Project object */ = {
			isa = PBXProject;
			attributes = {
				LastSwiftUpdateCheck = 0800;
				LastUpgradeCheck = 0820;
				ORGANIZATIONNAME = VanillaStep;
				TargetAttributes = {
					2C8D33D51D9823340051977B = {
						CreatedOnToolsVersion = 8.0;
						DevelopmentTeam = U83637X5J4;
						ProvisioningStyle = Automatic;
					};
				};
			};
			buildConfigurationList = 2C8D33D11D9823340051977B /* Build configuration list for PBXProject "TodoWithMVC" */;
			compatibilityVersion = "Xcode 3.2";
			developmentRegion = English;
			hasScannedForEncodings = 0;
			knownRegions = (
				en,
				Base,
			);
			mainGroup = 2C8D33CD1D9823340051977B;
			productRefGroup = 2C8D33D71D9823340051977B /* Products */;
			projectDirPath = "";
			projectRoot = "";
			targets = (
				2C8D33D51D9823340051977B /* TodoWithMVC */,
			);
		};
/* End PBXProject section */

/* Begin PBXResourcesBuildPhase section */
		2C8D33D41D9823340051977B /* Resources */ = {
			isa = PBXResourcesBuildPhase;
			buildActionMask = 2147483647;
			files = (
				2C8D33E41D9823340051977B /* LaunchScreen.storyboard in Resources */,
				2C8D33E11D9823340051977B /* Assets.xcassets in Resources */,
				2C8D33DF1D9823340051977B /* Main.storyboard in Resources */,
			);
			runOnlyForDeploymentPostprocessing = 0;
		};
/* End PBXResourcesBuildPhase section */

/* Begin PBXSourcesBuildPhase section */
		2C8D33D21D9823340051977B /* Sources */ = {
			isa = PBXSourcesBuildPhase;
			buildActionMask = 2147483647;
			files = (
				2C8D33DC1D9823340051977B /* ViewController.swift in Sources */,
				2C8D33EC1D98234C0051977B /* TodoManager.swift in Sources */,
				2C8D33DA1D9823340051977B /* AppDelegate.swift in Sources */,
			);
			runOnlyForDeploymentPostprocessing = 0;
		};
/* End PBXSourcesBuildPhase section */

/* Begin PBXVariantGroup section */
		2C8D33DD1D9823340051977B /* Main.storyboard */ = {
			isa = PBXVariantGroup;
			children = (
				2C8D33DE1D9823340051977B /* Base */,
			);
			name = Main.storyboard;
			sourceTree = "<group>";
		};
		2C8D33E21D9823340051977B /* LaunchScreen.storyboard */ = {
			isa = PBXVariantGroup;
			children = (
				2C8D33E31D9823340051977B /* Base */,
			);
			name = LaunchScreen.storyboard;
			sourceTree = "<group>";
		};
/* End PBXVariantGroup section */

/* Begin XCBuildConfiguration section */
		2C8D33E61D9823340051977B /* Debug */ = {
			isa = XCBuildConfiguration;
			buildSettings = {
				ALWAYS_SEARCH_USER_PATHS = NO;
				CLANG_ANALYZER_NONNULL = YES;
				CLANG_CXX_LANGUAGE_STANDARD = "gnu++0x";
				CLANG_CXX_LIBRARY = "libc++";
				CLANG_ENABLE_MODULES = YES;
				CLANG_ENABLE_OBJC_ARC = YES;
				CLANG_WARN_BOOL_CONVERSION = YES;
				CLANG_WARN_CONSTANT_CONVERSION = YES;
				CLANG_WARN_DIRECT_OBJC_ISA_USAGE = YES_ERROR;
				CLANG_WARN_DOCUMENTATION_COMMENTS = YES;
				CLANG_WARN_EMPTY_BODY = YES;
				CLANG_WARN_ENUM_CONVERSION = YES;
				CLANG_WARN_INFINITE_RECURSION = YES;
				CLANG_WARN_INT_CONVERSION = YES;
				CLANG_WARN_OBJC_ROOT_CLASS = YES_ERROR;
				CLANG_WARN_SUSPICIOUS_MOVE = YES;
				CLANG_WARN_SUSPICIOUS_MOVES = YES;
				CLANG_WARN_UNREACHABLE_CODE = YES;
				CLANG_WARN__DUPLICATE_METHOD_MATCH = YES;
				"CODE_SIGN_IDENTITY[sdk=iphoneos*]" = "iPhone Developer";
				COPY_PHASE_STRIP = NO;
				DEBUG_INFORMATION_FORMAT = dwarf;
				ENABLE_STRICT_OBJC_MSGSEND = YES;
				ENABLE_TESTABILITY = YES;
				GCC_C_LANGUAGE_STANDARD = gnu99;
				GCC_DYNAMIC_NO_PIC = NO;
				GCC_NO_COMMON_BLOCKS = YES;
				GCC_OPTIMIZATION_LEVEL = 0;
				GCC_PREPROCESSOR_DEFINITIONS = (
					"DEBUG=1",
					"$(inherited)",
				);
				GCC_WARN_64_TO_32_BIT_CONVERSION = YES;
				GCC_WARN_ABOUT_RETURN_TYPE = YES_ERROR;
				GCC_WARN_UNDECLARED_SELECTOR = YES;
				GCC_WARN_UNINITIALIZED_AUTOS = YES_AGGRESSIVE;
				GCC_WARN_UNUSED_FUNCTION = YES;
				GCC_WARN_UNUSED_VARIABLE = YES;
				IPHONEOS_DEPLOYMENT_TARGET = 10.0;
				MTL_ENABLE_DEBUG_INFO = YES;
				ONLY_ACTIVE_ARCH = YES;
				SDKROOT = iphoneos;
				SWIFT_ACTIVE_COMPILATION_CONDITIONS = DEBUG;
				SWIFT_OPTIMIZATION_LEVEL = "-Onone";
				TARGETED_DEVICE_FAMILY = "1,2";
			};
			name = Debug;
		};
		2C8D33E71D9823340051977B /* Release */ = {
			isa = XCBuildConfiguration;
			buildSettings = {
				ALWAYS_SEARCH_USER_PATHS = NO;
				CLANG_ANALYZER_NONNULL = YES;
				CLANG_CXX_LANGUAGE_STANDARD = "gnu++0x";
				CLANG_CXX_LIBRARY = "libc++";
				CLANG_ENABLE_MODULES = YES;
				CLANG_ENABLE_OBJC_ARC = YES;
				CLANG_WARN_BOOL_CONVERSION = YES;
				CLANG_WARN_CONSTANT_CONVERSION = YES;
				CLANG_WARN_DIRECT_OBJC_ISA_USAGE = YES_ERROR;
				CLANG_WARN_DOCUMENTATION_COMMENTS = YES;
				CLANG_WARN_EMPTY_BODY = YES;
				CLANG_WARN_ENUM_CONVERSION = YES;
				CLANG_WARN_INFINITE_RECURSION = YES;
				CLANG_WARN_INT_CONVERSION = YES;
				CLANG_WARN_OBJC_ROOT_CLASS = YES_ERROR;
				CLANG_WARN_SUSPICIOUS_MOVE = YES;
				CLANG_WARN_SUSPICIOUS_MOVES = YES;
				CLANG_WARN_UNREACHABLE_CODE = YES;
				CLANG_WARN__DUPLICATE_METHOD_MATCH = YES;
				"CODE_SIGN_IDENTITY[sdk=iphoneos*]" = "iPhone Developer";
				COPY_PHASE_STRIP = NO;
				DEBUG_INFORMATION_FORMAT = "dwarf-with-dsym";
				ENABLE_NS_ASSERTIONS = NO;
				ENABLE_STRICT_OBJC_MSGSEND = YES;
				GCC_C_LANGUAGE_STANDARD = gnu99;
				GCC_NO_COMMON_BLOCKS = YES;
				GCC_WARN_64_TO_32_BIT_CONVERSION = YES;
				GCC_WARN_ABOUT_RETURN_TYPE = YES_ERROR;
				GCC_WARN_UNDECLARED_SELECTOR = YES;
				GCC_WARN_UNINITIALIZED_AUTOS = YES_AGGRESSIVE;
				GCC_WARN_UNUSED_FUNCTION = YES;
				GCC_WARN_UNUSED_VARIABLE = YES;
				IPHONEOS_DEPLOYMENT_TARGET = 10.0;
				MTL_ENABLE_DEBUG_INFO = NO;
				SDKROOT = iphoneos;
				SWIFT_OPTIMIZATION_LEVEL = "-Owholemodule";
				TARGETED_DEVICE_FAMILY = "1,2";
				VALIDATE_PRODUCT = YES;
			};
			name = Release;
		};
		2C8D33E91D9823340051977B /* Debug */ = {
			isa = XCBuildConfiguration;
			buildSettings = {
				ASSETCATALOG_COMPILER_APPICON_NAME = AppIcon;
				DEVELOPMENT_TEAM = U83637X5J4;
				INFOPLIST_FILE = TodoWithMVC/Info.plist;
				LD_RUNPATH_SEARCH_PATHS = "$(inherited) @executable_path/Frameworks";
				PRODUCT_BUNDLE_IDENTIFIER = com.vanillastepdev.sample.TodoWithMVC;
				PRODUCT_NAME = "$(TARGET_NAME)";
				SWIFT_VERSION = 3.0;
			};
			name = Debug;
		};
		2C8D33EA1D9823340051977B /* Release */ = {
			isa = XCBuildConfiguration;
			buildSettings = {
				ASSETCATALOG_COMPILER_APPICON_NAME = AppIcon;
				DEVELOPMENT_TEAM = U83637X5J4;
				INFOPLIST_FILE = TodoWithMVC/Info.plist;
				LD_RUNPATH_SEARCH_PATHS = "$(inherited) @executable_path/Frameworks";
				PRODUCT_BUNDLE_IDENTIFIER = com.vanillastepdev.sample.TodoWithMVC;
				PRODUCT_NAME = "$(TARGET_NAME)";
				SWIFT_VERSION = 3.0;
			};
			name = Release;
		};
/* End XCBuildConfiguration section */

/* Begin XCConfigurationList section */
		2C8D33D11D9823340051977B /* Build configuration list for PBXProject "TodoWithMVC" */ = {
			isa = XCConfigurationList;
			buildConfigurations = (
				2C8D33E61D9823340051977B /* Debug */,
				2C8D33E71D9823340051977B /* Release */,
			);
			defaultConfigurationIsVisible = 0;
			defaultConfigurationName = Release;
		};
		2C8D33E81D9823340051977B /* Build configuration list for PBXNativeTarget "TodoWithMVC" */ = {
			isa = XCConfigurationList;
			buildConfigurations = (
				2C8D33E91D9823340051977B /* Debug */,
				2C8D33EA1D9823340051977B /* Release */,
			);
			defaultConfigurationIsVisible = 0;
			defaultConfigurationName = Release;
		};
/* End XCConfigurationList section */
	};
	rootObject = 2C8D33CE1D9823340051977B /* Project object */;
}
