// !$*UTF8*$!
{
	archiveVersion = 1;
	classes = {
	};
	objectVersion = 46;
	objects = {

/* Begin PBXBuildFile section */
		2C7473AE1E12F2FA00060B59 /* AppDelegate.swift in Sources */ = {isa = PBXBuildFile; fileRef = 2C7473AD1E12F2FA00060B59 /* AppDelegate.swift */; };
		2C7473B51E12F2FA00060B59 /* Assets.xcassets in Resources */ = {isa = PBXBuildFile; fileRef = 2C7473B41E12F2FA00060B59 /* Assets.xcassets */; };
		2C7473B81E12F2FA00060B59 /* LaunchScreen.storyboard in Resources */ = {isa = PBXBuildFile; fileRef = 2C7473B61E12F2FA00060B59 /* LaunchScreen.storyboard */; };
		2C7473C51E12F33400060B59 /* ViewController.swift in Sources */ = {isa = PBXBuildFile; fileRef = 2C7473C41E12F33400060B59 /* ViewController.swift */; };
		2C7473C81E12F36100060B59 /* Main.storyboard in Resources */ = {isa = PBXBuildFile; fileRef = 2C7473C61E12F36100060B59 /* Main.storyboard */; };
/* End PBXBuildFile section */

/* Begin PBXFileReference section */
		2C7473AA1E12F2FA00060B59 /* TextEditing.app */ = {isa = PBXFileReference; explicitFileType = wrapper.application; includeInIndex = 0; path = TextEditing.app; sourceTree = BUILT_PRODUCTS_DIR; };
		2C7473AD1E12F2FA00060B59 /* AppDelegate.swift */ = {isa = PBXFileReference; lastKnownFileType = sourcecode.swift; path = AppDelegate.swift; sourceTree = "<group>"; };
		2C7473B41E12F2FA00060B59 /* Assets.xcassets */ = {isa = PBXFileReference; lastKnownFileType = folder.assetcatalog; path = Assets.xcassets; sourceTree = "<group>"; };
		2C7473B71E12F2FA00060B59 /* Base */ = {isa = PBXFileReference; lastKnownFileType = file.storyboard; name = Base; path = Base.lproj/LaunchScreen.storyboard; sourceTree = "<group>"; };
		2C7473B91E12F2FA00060B59 /* Info.plist */ = {isa = PBXFileReference; lastKnownFileType = text.plist.xml; path = Info.plist; sourceTree = "<group>"; };
		2C7473C41E12F33400060B59 /* ViewController.swift */ = {isa = PBXFileReference; fileEncoding = 4; lastKnownFileType = sourcecode.swift; path = ViewController.swift; sourceTree = "<group>"; };
		2C7473C71E12F36100060B59 /* Base */ = {isa = PBXFileReference; lastKnownFileType = file.storyboard; name = Base; path = Base.lproj/Main.storyboard; sourceTree = "<group>"; };
/* End PBXFileReference section */

/* Begin PBXFrameworksBuildPhase section */
		2C7473A71E12F2FA00060B59 /* Frameworks */ = {
			isa = PBXFrameworksBuildPhase;
			buildActionMask = 2147483647;
			files = (
			);
			runOnlyForDeploymentPostprocessing = 0;
		};
/* End PBXFrameworksBuildPhase section */

/* Begin PBXGroup section */
		2C7473A11E12F2FA00060B59 = {
			isa = PBXGroup;
			children = (
				2C7473AC1E12F2FA00060B59 /* TextEditing */,
				2C7473AB1E12F2FA00060B59 /* Products */,
			);
			sourceTree = "<group>";
		};
		2C7473AB1E12F2FA00060B59 /* Products */ = {
			isa = PBXGroup;
			children = (
				2C7473AA1E12F2FA00060B59 /* TextEditing.app */,
			);
			name = Products;
			sourceTree = "<group>";
		};
		2C7473AC1E12F2FA00060B59 /* TextEditing */ = {
			isa = PBXGroup;
			children = (
				2C7473AD1E12F2FA00060B59 /* AppDelegate.swift */,
				2C7473C41E12F33400060B59 /* ViewController.swift */,
				2C7473C61E12F36100060B59 /* Main.storyboard */,
				2C7473B41E12F2FA00060B59 /* Assets.xcassets */,
				2C7473B61E12F2FA00060B59 /* LaunchScreen.storyboard */,
				2C7473B91E12F2FA00060B59 /* Info.plist */,
			);
			path = TextEditing;
			sourceTree = "<group>";
		};
/* End PBXGroup section */

/* Begin PBXNativeTarget section */
		2C7473A91E12F2FA00060B59 /* TextEditing */ = {
			isa = PBXNativeTarget;
			buildConfigurationList = 2C7473BC1E12F2FA00060B59 /* Build configuration list for PBXNativeTarget "TextEditing" */;
			buildPhases = (
				2C7473A61E12F2FA00060B59 /* Sources */,
				2C7473A71E12F2FA00060B59 /* Frameworks */,
				2C7473A81E12F2FA00060B59 /* Resources */,
			);
			buildRules = (
			);
			dependencies = (
			);
			name = TextEditing;
			productName = TextEditing;
			productReference = 2C7473AA1E12F2FA00060B59 /* TextEditing.app */;
			productType = "com.apple.product-type.application";
		};
/* End PBXNativeTarget section */

/* Begin PBXProject section */
		2C7473A21E12F2FA00060B59 /* Project object */ = {
			isa = PBXProject;
			attributes = {
				LastSwiftUpdateCheck = 0820;
				LastUpgradeCheck = 0820;
				ORGANIZATIONNAME = vanillastep;
				TargetAttributes = {
					2C7473A91E12F2FA00060B59 = {
						CreatedOnToolsVersion = 8.2;
						ProvisioningStyle = Automatic;
					};
				};
			};
			buildConfigurationList = 2C7473A51E12F2FA00060B59 /* Build configuration list for PBXProject "TextEditing" */;
			compatibilityVersion = "Xcode 3.2";
			developmentRegion = English;
			hasScannedForEncodings = 0;
			knownRegions = (
				en,
				Base,
			);
			mainGroup = 2C7473A11E12F2FA00060B59;
			productRefGroup = 2C7473AB1E12F2FA00060B59 /* Products */;
			projectDirPath = "";
			projectRoot = "";
			targets = (
				2C7473A91E12F2FA00060B59 /* TextEditing */,
			);
		};
/* End PBXProject section */

/* Begin PBXResourcesBuildPhase section */
		2C7473A81E12F2FA00060B59 /* Resources */ = {
			isa = PBXResourcesBuildPhase;
			buildActionMask = 2147483647;
			files = (
				2C7473C81E12F36100060B59 /* Main.storyboard in Resources */,
				2C7473B81E12F2FA00060B59 /* LaunchScreen.storyboard in Resources */,
				2C7473B51E12F2FA00060B59 /* Assets.xcassets in Resources */,
			);
			runOnlyForDeploymentPostprocessing = 0;
		};
/* End PBXResourcesBuildPhase section */

/* Begin PBXSourcesBuildPhase section */
		2C7473A61E12F2FA00060B59 /* Sources */ = {
			isa = PBXSourcesBuildPhase;
			buildActionMask = 2147483647;
			files = (
				2C7473C51E12F33400060B59 /* ViewController.swift in Sources */,
				2C7473AE1E12F2FA00060B59 /* AppDelegate.swift in Sources */,
			);
			runOnlyForDeploymentPostprocessing = 0;
		};
/* End PBXSourcesBuildPhase section */

/* Begin PBXVariantGroup section */
		2C7473B61E12F2FA00060B59 /* LaunchScreen.storyboard */ = {
			isa = PBXVariantGroup;
			children = (
				2C7473B71E12F2FA00060B59 /* Base */,
			);
			name = LaunchScreen.storyboard;
			sourceTree = "<group>";
		};
		2C7473C61E12F36100060B59 /* Main.storyboard */ = {
			isa = PBXVariantGroup;
			children = (
				2C7473C71E12F36100060B59 /* Base */,
			);
			name = Main.storyboard;
			sourceTree = "<group>";
		};
/* End PBXVariantGroup section */

/* Begin XCBuildConfiguration section */
		2C7473BA1E12F2FA00060B59 /* Debug */ = {
			isa = XCBuildConfiguration;
			buildSettings = {
				ALWAYS_SEARCH_USER_PATHS = NO;
				CLANG_ANALYZER_NONNULL = YES;
				CLANG_CXX_LANGUAGE_STANDARD = "gnu++0x";
				CLANG_CXX_LIBRARY = "libc++";
				CLANG_ENABLE_MODULES = YES;
				CLANG_ENABLE_OBJC_ARC = YES;
				CLANG_WARN_BOOL_CONVERSION = YES;
				CLANG_WARN_CONSTANT_CONVERSION = YES;
				CLANG_WARN_DIRECT_OBJC_ISA_USAGE = YES_ERROR;
				CLANG_WARN_DOCUMENTATION_COMMENTS = YES;
				CLANG_WARN_EMPTY_BODY = YES;
				CLANG_WARN_ENUM_CONVERSION = YES;
				CLANG_WARN_INFINITE_RECURSION = YES;
				CLANG_WARN_INT_CONVERSION = YES;
				CLANG_WARN_OBJC_ROOT_CLASS = YES_ERROR;
				CLANG_WARN_SUSPICIOUS_MOVE = YES;
				CLANG_WARN_UNREACHABLE_CODE = YES;
				CLANG_WARN__DUPLICATE_METHOD_MATCH = YES;
				"CODE_SIGN_IDENTITY[sdk=iphoneos*]" = "iPhone Developer";
				COPY_PHASE_STRIP = NO;
				DEBUG_INFORMATION_FORMAT = dwarf;
				ENABLE_STRICT_OBJC_MSGSEND = YES;
				ENABLE_TESTABILITY = YES;
				GCC_C_LANGUAGE_STANDARD = gnu99;
				GCC_DYNAMIC_NO_PIC = NO;
				GCC_NO_COMMON_BLOCKS = YES;
				GCC_OPTIMIZATION_LEVEL = 0;
				GCC_PREPROCESSOR_DEFINITIONS = (
					"DEBUG=1",
					"$(inherited)",
				);
				GCC_WARN_64_TO_32_BIT_CONVERSION = YES;
				GCC_WARN_ABOUT_RETURN_TYPE = YES_ERROR;
				GCC_WARN_UNDECLARED_SELECTOR = YES;
				GCC_WARN_UNINITIALIZED_AUTOS = YES_AGGRESSIVE;
				GCC_WARN_UNUSED_FUNCTION = YES;
				GCC_WARN_UNUSED_VARIABLE = YES;
				IPHONEOS_DEPLOYMENT_TARGET = 10.2;
				MTL_ENABLE_DEBUG_INFO = YES;
				ONLY_ACTIVE_ARCH = YES;
				SDKROOT = iphoneos;
				SWIFT_ACTIVE_COMPILATION_CONDITIONS = DEBUG;
				SWIFT_OPTIMIZATION_LEVEL = "-Onone";
				TARGETED_DEVICE_FAMILY = "1,2";
			};
			name = Debug;
		};
		2C7473BB1E12F2FA00060B59 /* Release */ = {
			isa = XCBuildConfiguration;
			buildSettings = {
				ALWAYS_SEARCH_USER_PATHS = NO;
				CLANG_ANALYZER_NONNULL = YES;
				CLANG_CXX_LANGUAGE_STANDARD = "gnu++0x";
				CLANG_CXX_LIBRARY = "libc++";
				CLANG_ENABLE_MODULES = YES;
				CLANG_ENABLE_OBJC_ARC = YES;
				CLANG_WARN_BOOL_CONVERSION = YES;
				CLANG_WARN_CONSTANT_CONVERSION = YES;
				CLANG_WARN_DIRECT_OBJC_ISA_USAGE = YES_ERROR;
				CLANG_WARN_DOCUMENTATION_COMMENTS = YES;
				CLANG_WARN_EMPTY_BODY = YES;
				CLANG_WARN_ENUM_CONVERSION = YES;
				CLANG_WARN_INFINITE_RECURSION = YES;
				CLANG_WARN_INT_CONVERSION = YES;
				CLANG_WARN_OBJC_ROOT_CLASS = YES_ERROR;
				CLANG_WARN_SUSPICIOUS_MOVE = YES;
				CLANG_WARN_UNREACHABLE_CODE = YES;
				CLANG_WARN__DUPLICATE_METHOD_MATCH = YES;
				"CODE_SIGN_IDENTITY[sdk=iphoneos*]" = "iPhone Developer";
				COPY_PHASE_STRIP = NO;
				DEBUG_INFORMATION_FORMAT = "dwarf-with-dsym";
				ENABLE_NS_ASSERTIONS = NO;
				ENABLE_STRICT_OBJC_MSGSEND = YES;
				GCC_C_LANGUAGE_STANDARD = gnu99;
				GCC_NO_COMMON_BLOCKS = YES;
				GCC_WARN_64_TO_32_BIT_CONVERSION = YES;
				GCC_WARN_ABOUT_RETURN_TYPE = YES_ERROR;
				GCC_WARN_UNDECLARED_SELECTOR = YES;
				GCC_WARN_UNINITIALIZED_AUTOS = YES_AGGRESSIVE;
				GCC_WARN_UNUSED_FUNCTION = YES;
				GCC_WARN_UNUSED_VARIABLE = YES;
				IPHONEOS_DEPLOYMENT_TARGET = 10.2;
				MTL_ENABLE_DEBUG_INFO = NO;
				SDKROOT = iphoneos;
				SWIFT_OPTIMIZATION_LEVEL = "-Owholemodule";
				TARGETED_DEVICE_FAMILY = "1,2";
				VALIDATE_PRODUCT = YES;
			};
			name = Release;
		};
		2C7473BD1E12F2FA00060B59 /* Debug */ = {
			isa = XCBuildConfiguration;
			buildSettings = {
				ASSETCATALOG_COMPILER_APPICON_NAME = AppIcon;
				INFOPLIST_FILE = TextEditing/Info.plist;
				LD_RUNPATH_SEARCH_PATHS = "$(inherited) @executable_path/Frameworks";
				PRODUCT_BUNDLE_IDENTIFIER = "com.vanillastep.ios-example.TextEditing";
				PRODUCT_NAME = "$(TARGET_NAME)";
				SWIFT_VERSION = 3.0;
			};
			name = Debug;
		};
		2C7473BE1E12F2FA00060B59 /* Release */ = {
			isa = XCBuildConfiguration;
			buildSettings = {
				ASSETCATALOG_COMPILER_APPICON_NAME = AppIcon;
				INFOPLIST_FILE = TextEditing/Info.plist;
				LD_RUNPATH_SEARCH_PATHS = "$(inherited) @executable_path/Frameworks";
				PRODUCT_BUNDLE_IDENTIFIER = "com.vanillastep.ios-example.TextEditing";
				PRODUCT_NAME = "$(TARGET_NAME)";
				SWIFT_VERSION = 3.0;
			};
			name = Release;
		};
/* End XCBuildConfiguration section */

/* Begin XCConfigurationList section */
		2C7473A51E12F2FA00060B59 /* Build configuration list for PBXProject "TextEditing" */ = {
			isa = XCConfigurationList;
			buildConfigurations = (
				2C7473BA1E12F2FA00060B59 /* Debug */,
				2C7473BB1E12F2FA00060B59 /* Release */,
			);
			defaultConfigurationIsVisible = 0;
			defaultConfigurationName = Release;
		};
		2C7473BC1E12F2FA00060B59 /* Build configuration list for PBXNativeTarget "TextEditing" */ = {
			isa = XCConfigurationList;
			buildConfigurations = (
				2C7473BD1E12F2FA00060B59 /* Debug */,
				2C7473BE1E12F2FA00060B59 /* Release */,
			);
			defaultConfigurationIsVisible = 0;
		};
/* End XCConfigurationList section */
	};
	rootObject = 2C7473A21E12F2FA00060B59 /* Project object */;
}
