// !$*UTF8*$!
{
	archiveVersion = 1;
	classes = {
	};
	objectVersion = 46;
	objects = {

/* Begin PBXBuildFile section */
		2C0B1F881D9B5EB8001D495A /* AppDelegate.swift in Sources */ = {isa = PBXBuildFile; fileRef = 2C0B1F871D9B5EB8001D495A /* AppDelegate.swift */; };
		2C0B1F8A1D9B5EB8001D495A /* ViewController.swift in Sources */ = {isa = PBXBuildFile; fileRef = 2C0B1F891D9B5EB8001D495A /* ViewController.swift */; };
		2C0B1F8D1D9B5EB8001D495A /* Main.storyboard in Resources */ = {isa = PBXBuildFile; fileRef = 2C0B1F8B1D9B5EB8001D495A /* Main.storyboard */; };
		2C0B1F8F1D9B5EB8001D495A /* Assets.xcassets in Resources */ = {isa = PBXBuildFile; fileRef = 2C0B1F8E1D9B5EB8001D495A /* Assets.xcassets */; };
		2C0B1F921D9B5EB8001D495A /* LaunchScreen.storyboard in Resources */ = {isa = PBXBuildFile; fileRef = 2C0B1F901D9B5EB8001D495A /* LaunchScreen.storyboard */; };
/* End PBXBuildFile section */

/* Begin PBXFileReference section */
		2C0B1F841D9B5EB8001D495A /* SyncAndAsync.app */ = {isa = PBXFileReference; explicitFileType = wrapper.application; includeInIndex = 0; path = SyncAndAsync.app; sourceTree = BUILT_PRODUCTS_DIR; };
		2C0B1F871D9B5EB8001D495A /* AppDelegate.swift */ = {isa = PBXFileReference; lastKnownFileType = sourcecode.swift; path = AppDelegate.swift; sourceTree = "<group>"; };
		2C0B1F891D9B5EB8001D495A /* ViewController.swift */ = {isa = PBXFileReference; lastKnownFileType = sourcecode.swift; path = ViewController.swift; sourceTree = "<group>"; };
		2C0B1F8C1D9B5EB8001D495A /* Base */ = {isa = PBXFileReference; lastKnownFileType = file.storyboard; name = Base; path = Base.lproj/Main.storyboard; sourceTree = "<group>"; };
		2C0B1F8E1D9B5EB8001D495A /* Assets.xcassets */ = {isa = PBXFileReference; lastKnownFileType = folder.assetcatalog; path = Assets.xcassets; sourceTree = "<group>"; };
		2C0B1F911D9B5EB8001D495A /* Base */ = {isa = PBXFileReference; lastKnownFileType = file.storyboard; name = Base; path = Base.lproj/LaunchScreen.storyboard; sourceTree = "<group>"; };
		2C0B1F931D9B5EB8001D495A /* Info.plist */ = {isa = PBXFileReference; lastKnownFileType = text.plist.xml; path = Info.plist; sourceTree = "<group>"; };
/* End PBXFileReference section */

/* Begin PBXFrameworksBuildPhase section */
		2C0B1F811D9B5EB8001D495A /* Frameworks */ = {
			isa = PBXFrameworksBuildPhase;
			buildActionMask = 2147483647;
			files = (
			);
			runOnlyForDeploymentPostprocessing = 0;
		};
/* End PBXFrameworksBuildPhase section */

/* Begin PBXGroup section */
		2C0B1F7B1D9B5EB8001D495A = {
			isa = PBXGroup;
			children = (
				2C0B1F861D9B5EB8001D495A /* SyncAndAsync */,
				2C0B1F851D9B5EB8001D495A /* Products */,
			);
			sourceTree = "<group>";
		};
		2C0B1F851D9B5EB8001D495A /* Products */ = {
			isa = PBXGroup;
			children = (
				2C0B1F841D9B5EB8001D495A /* SyncAndAsync.app */,
			);
			name = Products;
			sourceTree = "<group>";
		};
		2C0B1F861D9B5EB8001D495A /* SyncAndAsync */ = {
			isa = PBXGroup;
			children = (
				2C0B1F871D9B5EB8001D495A /* AppDelegate.swift */,
				2C0B1F891D9B5EB8001D495A /* ViewController.swift */,
				2C0B1F8B1D9B5EB8001D495A /* Main.storyboard */,
				2C0B1F8E1D9B5EB8001D495A /* Assets.xcassets */,
				2C0B1F901D9B5EB8001D495A /* LaunchScreen.storyboard */,
				2C0B1F931D9B5EB8001D495A /* Info.plist */,
			);
			path = SyncAndAsync;
			sourceTree = "<group>";
		};
/* End PBXGroup section */

/* Begin PBXNativeTarget section */
		2C0B1F831D9B5EB8001D495A /* SyncAndAsync */ = {
			isa = PBXNativeTarget;
			buildConfigurationList = 2C0B1F961D9B5EB8001D495A /* Build configuration list for PBXNativeTarget "SyncAndAsync" */;
			buildPhases = (
				2C0B1F801D9B5EB8001D495A /* Sources */,
				2C0B1F811D9B5EB8001D495A /* Frameworks */,
				2C0B1F821D9B5EB8001D495A /* Resources */,
			);
			buildRules = (
			);
			dependencies = (
			);
			name = SyncAndAsync;
			productName = SyncAndAsync;
			productReference = 2C0B1F841D9B5EB8001D495A /* SyncAndAsync.app */;
			productType = "com.apple.product-type.application";
		};
/* End PBXNativeTarget section */

/* Begin PBXProject section */
		2C0B1F7C1D9B5EB8001D495A /* Project object */ = {
			isa = PBXProject;
			attributes = {
				LastSwiftUpdateCheck = 0800;
				LastUpgradeCheck = 0800;
				ORGANIZATIONNAME = "Jaehoon Lee";
				TargetAttributes = {
					2C0B1F831D9B5EB8001D495A = {
						CreatedOnToolsVersion = 8.0;
						ProvisioningStyle = Automatic;
					};
				};
			};
			buildConfigurationList = 2C0B1F7F1D9B5EB8001D495A /* Build configuration list for PBXProject "SyncAndAsync" */;
			compatibilityVersion = "Xcode 3.2";
			developmentRegion = English;
			hasScannedForEncodings = 0;
			knownRegions = (
				en,
				Base,
			);
			mainGroup = 2C0B1F7B1D9B5EB8001D495A;
			productRefGroup = 2C0B1F851D9B5EB8001D495A /* Products */;
			projectDirPath = "";
			projectRoot = "";
			targets = (
				2C0B1F831D9B5EB8001D495A /* SyncAndAsync */,
			);
		};
/* End PBXProject section */

/* Begin PBXResourcesBuildPhase section */
		2C0B1F821D9B5EB8001D495A /* Resources */ = {
			isa = PBXResourcesBuildPhase;
			buildActionMask = 2147483647;
			files = (
				2C0B1F921D9B5EB8001D495A /* LaunchScreen.storyboard in Resources */,
				2C0B1F8F1D9B5EB8001D495A /* Assets.xcassets in Resources */,
				2C0B1F8D1D9B5EB8001D495A /* Main.storyboard in Resources */,
			);
			runOnlyForDeploymentPostprocessing = 0;
		};
/* End PBXResourcesBuildPhase section */

/* Begin PBXSourcesBuildPhase section */
		2C0B1F801D9B5EB8001D495A /* Sources */ = {
			isa = PBXSourcesBuildPhase;
			buildActionMask = 2147483647;
			files = (
				2C0B1F8A1D9B5EB8001D495A /* ViewController.swift in Sources */,
				2C0B1F881D9B5EB8001D495A /* AppDelegate.swift in Sources */,
			);
			runOnlyForDeploymentPostprocessing = 0;
		};
/* End PBXSourcesBuildPhase section */

/* Begin PBXVariantGroup section */
		2C0B1F8B1D9B5EB8001D495A /* Main.storyboard */ = {
			isa = PBXVariantGroup;
			children = (
				2C0B1F8C1D9B5EB8001D495A /* Base */,
			);
			name = Main.storyboard;
			sourceTree = "<group>";
		};
		2C0B1F901D9B5EB8001D495A /* LaunchScreen.storyboard */ = {
			isa = PBXVariantGroup;
			children = (
				2C0B1F911D9B5EB8001D495A /* Base */,
			);
			name = LaunchScreen.storyboard;
			sourceTree = "<group>";
		};
/* End PBXVariantGroup section */

/* Begin XCBuildConfiguration section */
		2C0B1F941D9B5EB8001D495A /* Debug */ = {
			isa = XCBuildConfiguration;
			buildSettings = {
				ALWAYS_SEARCH_USER_PATHS = NO;
				CLANG_ANALYZER_NONNULL = YES;
				CLANG_CXX_LANGUAGE_STANDARD = "gnu++0x";
				CLANG_CXX_LIBRARY = "libc++";
				CLANG_ENABLE_MODULES = YES;
				CLANG_ENABLE_OBJC_ARC = YES;
				CLANG_WARN_BOOL_CONVERSION = YES;
				CLANG_WARN_CONSTANT_CONVERSION = YES;
				CLANG_WARN_DIRECT_OBJC_ISA_USAGE = YES_ERROR;
				CLANG_WARN_DOCUMENTATION_COMMENTS = YES;
				CLANG_WARN_EMPTY_BODY = YES;
				CLANG_WARN_ENUM_CONVERSION = YES;
				CLANG_WARN_INFINITE_RECURSION = YES;
				CLANG_WARN_INT_CONVERSION = YES;
				CLANG_WARN_OBJC_ROOT_CLASS = YES_ERROR;
				CLANG_WARN_SUSPICIOUS_MOVES = YES;
				CLANG_WARN_UNREACHABLE_CODE = YES;
				CLANG_WARN__DUPLICATE_METHOD_MATCH = YES;
				"CODE_SIGN_IDENTITY[sdk=iphoneos*]" = "iPhone Developer";
				COPY_PHASE_STRIP = NO;
				DEBUG_INFORMATION_FORMAT = dwarf;
				ENABLE_STRICT_OBJC_MSGSEND = YES;
				ENABLE_TESTABILITY = YES;
				GCC_C_LANGUAGE_STANDARD = gnu99;
				GCC_DYNAMIC_NO_PIC = NO;
				GCC_NO_COMMON_BLOCKS = YES;
				GCC_OPTIMIZATION_LEVEL = 0;
				GCC_PREPROCESSOR_DEFINITIONS = (
					"DEBUG=1",
					"$(inherited)",
				);
				GCC_WARN_64_TO_32_BIT_CONVERSION = YES;
				GCC_WARN_ABOUT_RETURN_TYPE = YES_ERROR;
				GCC_WARN_UNDECLARED_SELECTOR = YES;
				GCC_WARN_UNINITIALIZED_AUTOS = YES_AGGRESSIVE;
				GCC_WARN_UNUSED_FUNCTION = YES;
				GCC_WARN_UNUSED_VARIABLE = YES;
				IPHONEOS_DEPLOYMENT_TARGET = 10.0;
				MTL_ENABLE_DEBUG_INFO = YES;
				ONLY_ACTIVE_ARCH = YES;
				SDKROOT = iphoneos;
				SWIFT_ACTIVE_COMPILATION_CONDITIONS = DEBUG;
				SWIFT_OPTIMIZATION_LEVEL = "-Onone";
				TARGETED_DEVICE_FAMILY = "1,2";
			};
			name = Debug;
		};
		2C0B1F951D9B5EB8001D495A /* Release */ = {
			isa = XCBuildConfiguration;
			buildSettings = {
				ALWAYS_SEARCH_USER_PATHS = NO;
				CLANG_ANALYZER_NONNULL = YES;
				CLANG_CXX_LANGUAGE_STANDARD = "gnu++0x";
				CLANG_CXX_LIBRARY = "libc++";
				CLANG_ENABLE_MODULES = YES;
				CLANG_ENABLE_OBJC_ARC = YES;
				CLANG_WARN_BOOL_CONVERSION = YES;
				CLANG_WARN_CONSTANT_CONVERSION = YES;
				CLANG_WARN_DIRECT_OBJC_ISA_USAGE = YES_ERROR;
				CLANG_WARN_DOCUMENTATION_COMMENTS = YES;
				CLANG_WARN_EMPTY_BODY = YES;
				CLANG_WARN_ENUM_CONVERSION = YES;
				CLANG_WARN_INFINITE_RECURSION = YES;
				CLANG_WARN_INT_CONVERSION = YES;
				CLANG_WARN_OBJC_ROOT_CLASS = YES_ERROR;
				CLANG_WARN_SUSPICIOUS_MOVES = YES;
				CLANG_WARN_UNREACHABLE_CODE = YES;
				CLANG_WARN__DUPLICATE_METHOD_MATCH = YES;
				"CODE_SIGN_IDENTITY[sdk=iphoneos*]" = "iPhone Developer";
				COPY_PHASE_STRIP = NO;
				DEBUG_INFORMATION_FORMAT = "dwarf-with-dsym";
				ENABLE_NS_ASSERTIONS = NO;
				ENABLE_STRICT_OBJC_MSGSEND = YES;
				GCC_C_LANGUAGE_STANDARD = gnu99;
				GCC_NO_COMMON_BLOCKS = YES;
				GCC_WARN_64_TO_32_BIT_CONVERSION = YES;
				GCC_WARN_ABOUT_RETURN_TYPE = YES_ERROR;
				GCC_WARN_UNDECLARED_SELECTOR = YES;
				GCC_WARN_UNINITIALIZED_AUTOS = YES_AGGRESSIVE;
				GCC_WARN_UNUSED_FUNCTION = YES;
				GCC_WARN_UNUSED_VARIABLE = YES;
				IPHONEOS_DEPLOYMENT_TARGET = 10.0;
				MTL_ENABLE_DEBUG_INFO = NO;
				SDKROOT = iphoneos;
				SWIFT_OPTIMIZATION_LEVEL = "-Owholemodule";
				TARGETED_DEVICE_FAMILY = "1,2";
				VALIDATE_PRODUCT = YES;
			};
			name = Release;
		};
		2C0B1F971D9B5EB8001D495A /* Debug */ = {
			isa = XCBuildConfiguration;
			buildSettings = {
				ASSETCATALOG_COMPILER_APPICON_NAME = AppIcon;
				INFOPLIST_FILE = SyncAndAsync/Info.plist;
				LD_RUNPATH_SEARCH_PATHS = "$(inherited) @executable_path/Frameworks";
				PRODUCT_BUNDLE_IDENTIFIER = com.vanillastepdev.example.SyncAndAsync;
				PRODUCT_NAME = "$(TARGET_NAME)";
				SWIFT_VERSION = 3.0;
			};
			name = Debug;
		};
		2C0B1F981D9B5EB8001D495A /* Release */ = {
			isa = XCBuildConfiguration;
			buildSettings = {
				ASSETCATALOG_COMPILER_APPICON_NAME = AppIcon;
				INFOPLIST_FILE = SyncAndAsync/Info.plist;
				LD_RUNPATH_SEARCH_PATHS = "$(inherited) @executable_path/Frameworks";
				PRODUCT_BUNDLE_IDENTIFIER = com.vanillastepdev.example.SyncAndAsync;
				PRODUCT_NAME = "$(TARGET_NAME)";
				SWIFT_VERSION = 3.0;
			};
			name = Release;
		};
/* End XCBuildConfiguration section */

/* Begin XCConfigurationList section */
		2C0B1F7F1D9B5EB8001D495A /* Build configuration list for PBXProject "SyncAndAsync" */ = {
			isa = XCConfigurationList;
			buildConfigurations = (
				2C0B1F941D9B5EB8001D495A /* Debug */,
				2C0B1F951D9B5EB8001D495A /* Release */,
			);
			defaultConfigurationIsVisible = 0;
			defaultConfigurationName = Release;
		};
		2C0B1F961D9B5EB8001D495A /* Build configuration list for PBXNativeTarget "SyncAndAsync" */ = {
			isa = XCConfigurationList;
			buildConfigurations = (
				2C0B1F971D9B5EB8001D495A /* Debug */,
				2C0B1F981D9B5EB8001D495A /* Release */,
			);
			defaultConfigurationIsVisible = 0;
		};
/* End XCConfigurationList section */
	};
	rootObject = 2C0B1F7C1D9B5EB8001D495A /* Project object */;
}
