// !$*UTF8*$!
{
	archiveVersion = 1;
	classes = {
	};
	objectVersion = 54;
	objects = {

/* Begin PBXBuildFile section */
		2C4060FF1E11773100DCDF44 /* AppDelegate.swift in Sources */ = {isa = PBXBuildFile; fileRef = 2C4060FE1E11773100DCDF44 /* AppDelegate.swift */; };
		2C4061011E11773100DCDF44 /* ViewController.swift in Sources */ = {isa = PBXBuildFile; fileRef = 2C4061001E11773100DCDF44 /* ViewController.swift */; };
		2C4061041E11773100DCDF44 /* Main.storyboard in Resources */ = {isa = PBXBuildFile; fileRef = 2C4061021E11773100DCDF44 /* Main.storyboard */; };
		2C4061061E11773100DCDF44 /* Assets.xcassets in Resources */ = {isa = PBXBuildFile; fileRef = 2C4061051E11773100DCDF44 /* Assets.xcassets */; };
		2C4061091E11773100DCDF44 /* LaunchScreen.storyboard in Resources */ = {isa = PBXBuildFile; fileRef = 2C4061071E11773100DCDF44 /* LaunchScreen.storyboard */; };
		2C4061111E11776100DCDF44 /* round_button.png in Resources */ = {isa = PBXBuildFile; fileRef = 2C4061101E11776100DCDF44 /* round_button.png */; };
/* End PBXBuildFile section */

/* Begin PBXFileReference section */
		2C4060FB1E11773100DCDF44 /* ViewStretch.app */ = {isa = PBXFileReference; explicitFileType = wrapper.application; includeInIndex = 0; path = ViewStretch.app; sourceTree = BUILT_PRODUCTS_DIR; };
		2C4060FE1E11773100DCDF44 /* AppDelegate.swift */ = {isa = PBXFileReference; lastKnownFileType = sourcecode.swift; path = AppDelegate.swift; sourceTree = "<group>"; };
		2C4061001E11773100DCDF44 /* ViewController.swift */ = {isa = PBXFileReference; lastKnownFileType = sourcecode.swift; path = ViewController.swift; sourceTree = "<group>"; };
		2C4061031E11773100DCDF44 /* Base */ = {isa = PBXFileReference; lastKnownFileType = file.storyboard; name = Base; path = Base.lproj/Main.storyboard; sourceTree = "<group>"; };
		2C4061051E11773100DCDF44 /* Assets.xcassets */ = {isa = PBXFileReference; lastKnownFileType = folder.assetcatalog; path = Assets.xcassets; sourceTree = "<group>"; };
		2C4061081E11773100DCDF44 /* Base */ = {isa = PBXFileReference; lastKnownFileType = file.storyboard; name = Base; path = Base.lproj/LaunchScreen.storyboard; sourceTree = "<group>"; };
		2C40610A1E11773100DCDF44 /* Info.plist */ = {isa = PBXFileReference; lastKnownFileType = text.plist.xml; path = Info.plist; sourceTree = "<group>"; };
		2C4061101E11776100DCDF44 /* round_button.png */ = {isa = PBXFileReference; lastKnownFileType = image.png; path = round_button.png; sourceTree = "<group>"; };
/* End PBXFileReference section */

/* Begin PBXFrameworksBuildPhase section */
		2C4060F81E11773100DCDF44 /* Frameworks */ = {
			isa = PBXFrameworksBuildPhase;
			buildActionMask = 2147483647;
			files = (
			);
			runOnlyForDeploymentPostprocessing = 0;
		};
/* End PBXFrameworksBuildPhase section */

/* Begin PBXGroup section */
		2C4060F21E11773100DCDF44 = {
			isa = PBXGroup;
			children = (
				2C4060FD1E11773100DCDF44 /* ViewStretch */,
				2C4060FC1E11773100DCDF44 /* Products */,
			);
			sourceTree = "<group>";
		};
		2C4060FC1E11773100DCDF44 /* Products */ = {
			isa = PBXGroup;
			children = (
				2C4060FB1E11773100DCDF44 /* ViewStretch.app */,
			);
			name = Products;
			sourceTree = "<group>";
		};
		2C4060FD1E11773100DCDF44 /* ViewStretch */ = {
			isa = PBXGroup;
			children = (
				2C4061101E11776100DCDF44 /* round_button.png */,
				2C4060FE1E11773100DCDF44 /* AppDelegate.swift */,
				2C4061001E11773100DCDF44 /* ViewController.swift */,
				2C4061021E11773100DCDF44 /* Main.storyboard */,
				2C4061051E11773100DCDF44 /* Assets.xcassets */,
				2C4061071E11773100DCDF44 /* LaunchScreen.storyboard */,
				2C40610A1E11773100DCDF44 /* Info.plist */,
			);
			path = ViewStretch;
			sourceTree = "<group>";
		};
/* End PBXGroup section */

/* Begin PBXNativeTarget section */
		2C4060FA1E11773100DCDF44 /* ViewStretch */ = {
			isa = PBXNativeTarget;
			buildConfigurationList = 2C40610D1E11773100DCDF44 /* Build configuration list for PBXNativeTarget "ViewStretch" */;
			buildPhases = (
				2C4060F71E11773100DCDF44 /* Sources */,
				2C4060F81E11773100DCDF44 /* Frameworks */,
				2C4060F91E11773100DCDF44 /* Resources */,
			);
			buildRules = (
			);
			dependencies = (
			);
			name = ViewStretch;
			productName = ViewStretch;
			productReference = 2C4060FB1E11773100DCDF44 /* ViewStretch.app */;
			productType = "com.apple.product-type.application";
		};
/* End PBXNativeTarget section */

/* Begin PBXProject section */
		2C4060F31E11773100DCDF44 /* Project object */ = {
			isa = PBXProject;
			attributes = {
				BuildIndependentTargetsInParallel = YES;
				LastSwiftUpdateCheck = 0820;
				LastUpgradeCheck = 1500;
				ORGANIZATIONNAME = VanillaStep;
				TargetAttributes = {
					2C4060FA1E11773100DCDF44 = {
						CreatedOnToolsVersion = 8.2;
						DevelopmentTeam = U83637X5J4;
						ProvisioningStyle = Automatic;
					};
				};
			};
			buildConfigurationList = 2C4060F61E11773100DCDF44 /* Build configuration list for PBXProject "ViewStretch" */;
			compatibilityVersion = "Xcode 3.2";
			developmentRegion = en;
			hasScannedForEncodings = 0;
			knownRegions = (
				en,
				Base,
			);
			mainGroup = 2C4060F21E11773100DCDF44;
			productRefGroup = 2C4060FC1E11773100DCDF44 /* Products */;
			projectDirPath = "";
			projectRoot = "";
			targets = (
				2C4060FA1E11773100DCDF44 /* ViewStretch */,
			);
		};
/* End PBXProject section */

/* Begin PBXResourcesBuildPhase section */
		2C4060F91E11773100DCDF44 /* Resources */ = {
			isa = PBXResourcesBuildPhase;
			buildActionMask = 2147483647;
			files = (
				2C4061091E11773100DCDF44 /* LaunchScreen.storyboard in Resources */,
				2C4061111E11776100DCDF44 /* round_button.png in Resources */,
				2C4061061E11773100DCDF44 /* Assets.xcassets in Resources */,
				2C4061041E11773100DCDF44 /* Main.storyboard in Resources */,
			);
			runOnlyForDeploymentPostprocessing = 0;
		};
/* End PBXResourcesBuildPhase section */

/* Begin PBXSourcesBuildPhase section */
		2C4060F71E11773100DCDF44 /* Sources */ = {
			isa = PBXSourcesBuildPhase;
			buildActionMask = 2147483647;
			files = (
				2C4061011E11773100DCDF44 /* ViewController.swift in Sources */,
				2C4060FF1E11773100DCDF44 /* AppDelegate.swift in Sources */,
			);
			runOnlyForDeploymentPostprocessing = 0;
		};
/* End PBXSourcesBuildPhase section */

/* Begin PBXVariantGroup section */
		2C4061021E11773100DCDF44 /* Main.storyboard */ = {
			isa = PBXVariantGroup;
			children = (
				2C4061031E11773100DCDF44 /* Base */,
			);
			name = Main.storyboard;
			sourceTree = "<group>";
		};
		2C4061071E11773100DCDF44 /* LaunchScreen.storyboard */ = {
			isa = PBXVariantGroup;
			children = (
				2C4061081E11773100DCDF44 /* Base */,
			);
			name = LaunchScreen.storyboard;
			sourceTree = "<group>";
		};
/* End PBXVariantGroup section */

/* Begin XCBuildConfiguration section */
		2C40610B1E11773100DCDF44 /* Debug */ = {
			isa = XCBuildConfiguration;
			buildSettings = {
				ALWAYS_SEARCH_USER_PATHS = NO;
				CLANG_ANALYZER_NONNULL = YES;
				CLANG_CXX_LANGUAGE_STANDARD = "gnu++0x";
				CLANG_CXX_LIBRARY = "libc++";
				CLANG_ENABLE_MODULES = YES;
				CLANG_ENABLE_OBJC_ARC = YES;
				CLANG_WARN_BLOCK_CAPTURE_AUTORELEASING = YES;
				CLANG_WARN_BOOL_CONVERSION = YES;
				CLANG_WARN_COMMA = YES;
				CLANG_WARN_CONSTANT_CONVERSION = YES;
				CLANG_WARN_DEPRECATED_OBJC_IMPLEMENTATIONS = YES;
				CLANG_WARN_DIRECT_OBJC_ISA_USAGE = YES_ERROR;
				CLANG_WARN_DOCUMENTATION_COMMENTS = YES;
				CLANG_WARN_EMPTY_BODY = YES;
				CLANG_WARN_ENUM_CONVERSION = YES;
				CLANG_WARN_INFINITE_RECURSION = YES;
				CLANG_WARN_INT_CONVERSION = YES;
				CLANG_WARN_NON_LITERAL_NULL_CONVERSION = YES;
				CLANG_WARN_OBJC_IMPLICIT_RETAIN_SELF = YES;
				CLANG_WARN_OBJC_LITERAL_CONVERSION = YES;
				CLANG_WARN_OBJC_ROOT_CLASS = YES_ERROR;
				CLANG_WARN_QUOTED_INCLUDE_IN_FRAMEWORK_HEADER = YES;
				CLANG_WARN_RANGE_LOOP_ANALYSIS = YES;
				CLANG_WARN_STRICT_PROTOTYPES = YES;
				CLANG_WARN_SUSPICIOUS_MOVE = YES;
				CLANG_WARN_UNREACHABLE_CODE = YES;
				CLANG_WARN__DUPLICATE_METHOD_MATCH = YES;
				"CODE_SIGN_IDENTITY[sdk=iphoneos*]" = "iPhone Developer";
				COPY_PHASE_STRIP = NO;
				DEBUG_INFORMATION_FORMAT = dwarf;
				ENABLE_STRICT_OBJC_MSGSEND = YES;
				ENABLE_TESTABILITY = YES;
				ENABLE_USER_SCRIPT_SANDBOXING = YES;
				GCC_C_LANGUAGE_STANDARD = gnu99;
				GCC_DYNAMIC_NO_PIC = NO;
				GCC_NO_COMMON_BLOCKS = YES;
				GCC_OPTIMIZATION_LEVEL = 0;
				GCC_PREPROCESSOR_DEFINITIONS = (
					"DEBUG=1",
					"$(inherited)",
				);
				GCC_WARN_64_TO_32_BIT_CONVERSION = YES;
				GCC_WARN_ABOUT_RETURN_TYPE = YES_ERROR;
				GCC_WARN_UNDECLARED_SELECTOR = YES;
				GCC_WARN_UNINITIALIZED_AUTOS = YES_AGGRESSIVE;
				GCC_WARN_UNUSED_FUNCTION = YES;
				GCC_WARN_UNUSED_VARIABLE = YES;
				IPHONEOS_DEPLOYMENT_TARGET = 15.0;
				MTL_ENABLE_DEBUG_INFO = YES;
				ONLY_ACTIVE_ARCH = YES;
				SDKROOT = iphoneos;
				SWIFT_ACTIVE_COMPILATION_CONDITIONS = DEBUG;
				SWIFT_OPTIMIZATION_LEVEL = "-Onone";
				TARGETED_DEVICE_FAMILY = "1,2";
			};
			name = Debug;
		};
		2C40610C1E11773100DCDF44 /* Release */ = {
			isa = XCBuildConfiguration;
			buildSettings = {
				ALWAYS_SEARCH_USER_PATHS = NO;
				CLANG_ANALYZER_NONNULL = YES;
				CLANG_CXX_LANGUAGE_STANDARD = "gnu++0x";
				CLANG_CXX_LIBRARY = "libc++";
				CLANG_ENABLE_MODULES = YES;
				CLANG_ENABLE_OBJC_ARC = YES;
				CLANG_WARN_BLOCK_CAPTURE_AUTORELEASING = YES;
				CLANG_WARN_BOOL_CONVERSION = YES;
				CLANG_WARN_COMMA = YES;
				CLANG_WARN_CONSTANT_CONVERSION = YES;
				CLANG_WARN_DEPRECATED_OBJC_IMPLEMENTATIONS = YES;
				CLANG_WARN_DIRECT_OBJC_ISA_USAGE = YES_ERROR;
				CLANG_WARN_DOCUMENTATION_COMMENTS = YES;
				CLANG_WARN_EMPTY_BODY = YES;
				CLANG_WARN_ENUM_CONVERSION = YES;
				CLANG_WARN_INFINITE_RECURSION = YES;
				CLANG_WARN_INT_CONVERSION = YES;
				CLANG_WARN_NON_LITERAL_NULL_CONVERSION = YES;
				CLANG_WARN_OBJC_IMPLICIT_RETAIN_SELF = YES;
				CLANG_WARN_OBJC_LITERAL_CONVERSION = YES;
				CLANG_WARN_OBJC_ROOT_CLASS = YES_ERROR;
				CLANG_WARN_QUOTED_INCLUDE_IN_FRAMEWORK_HEADER = YES;
				CLANG_WARN_RANGE_LOOP_ANALYSIS = YES;
				CLANG_WARN_STRICT_PROTOTYPES = YES;
				CLANG_WARN_SUSPICIOUS_MOVE = YES;
				CLANG_WARN_UNREACHABLE_CODE = YES;
				CLANG_WARN__DUPLICATE_METHOD_MATCH = YES;
				"CODE_SIGN_IDENTITY[sdk=iphoneos*]" = "iPhone Developer";
				COPY_PHASE_STRIP = NO;
				DEBUG_INFORMATION_FORMAT = "dwarf-with-dsym";
				ENABLE_NS_ASSERTIONS = NO;
				ENABLE_STRICT_OBJC_MSGSEND = YES;
				ENABLE_USER_SCRIPT_SANDBOXING = YES;
				GCC_C_LANGUAGE_STANDARD = gnu99;
				GCC_NO_COMMON_BLOCKS = YES;
				GCC_WARN_64_TO_32_BIT_CONVERSION = YES;
				GCC_WARN_ABOUT_RETURN_TYPE = YES_ERROR;
				GCC_WARN_UNDECLARED_SELECTOR = YES;
				GCC_WARN_UNINITIALIZED_AUTOS = YES_AGGRESSIVE;
				GCC_WARN_UNUSED_FUNCTION = YES;
				GCC_WARN_UNUSED_VARIABLE = YES;
				IPHONEOS_DEPLOYMENT_TARGET = 15.0;
				MTL_ENABLE_DEBUG_INFO = NO;
				SDKROOT = iphoneos;
				SWIFT_COMPILATION_MODE = wholemodule;
				SWIFT_OPTIMIZATION_LEVEL = "-O";
				TARGETED_DEVICE_FAMILY = "1,2";
				VALIDATE_PRODUCT = YES;
			};
			name = Release;
		};
		2C40610E1E11773100DCDF44 /* Debug */ = {
			isa = XCBuildConfiguration;
			buildSettings = {
				ASSETCATALOG_COMPILER_APPICON_NAME = AppIcon;
				DEVELOPMENT_TEAM = U83637X5J4;
				INFOPLIST_FILE = ViewStretch/Info.plist;
				LD_RUNPATH_SEARCH_PATHS = (
					"$(inherited)",
					"@executable_path/Frameworks",
				);
				PRODUCT_BUNDLE_IDENTIFIER = "com.vanillastep.ios-samples.ViewStretch";
				PRODUCT_NAME = "$(TARGET_NAME)";
				SWIFT_VERSION = 5.0;
			};
			name = Debug;
		};
		2C40610F1E11773100DCDF44 /* Release */ = {
			isa = XCBuildConfiguration;
			buildSettings = {
				ASSETCATALOG_COMPILER_APPICON_NAME = AppIcon;
				DEVELOPMENT_TEAM = U83637X5J4;
				INFOPLIST_FILE = ViewStretch/Info.plist;
				LD_RUNPATH_SEARCH_PATHS = (
					"$(inherited)",
					"@executable_path/Frameworks",
				);
				PRODUCT_BUNDLE_IDENTIFIER = "com.vanillastep.ios-samples.ViewStretch";
				PRODUCT_NAME = "$(TARGET_NAME)";
				SWIFT_VERSION = 5.0;
			};
			name = Release;
		};
/* End XCBuildConfiguration section */

/* Begin XCConfigurationList section */
		2C4060F61E11773100DCDF44 /* Build configuration list for PBXProject "ViewStretch" */ = {
			isa = XCConfigurationList;
			buildConfigurations = (
				2C40610B1E11773100DCDF44 /* Debug */,
				2C40610C1E11773100DCDF44 /* Release */,
			);
			defaultConfigurationIsVisible = 0;
			defaultConfigurationName = Release;
		};
		2C40610D1E11773100DCDF44 /* Build configuration list for PBXNativeTarget "ViewStretch" */ = {
			isa = XCConfigurationList;
			buildConfigurations = (
				2C40610E1E11773100DCDF44 /* Debug */,
				2C40610F1E11773100DCDF44 /* Release */,
			);
			defaultConfigurationIsVisible = 0;
			defaultConfigurationName = Release;
		};
/* End XCConfigurationList section */
	};
	rootObject = 2C4060F31E11773100DCDF44 /* Project object */;
}
