PODS:
  - SQLite.swift (0.11.2):
    - SQLite.swift/standard (= 0.11.2)
  - SQLite.swift/standard (0.11.2)

DEPENDENCIES:
  - SQLite.swift (~> 0.11.2)

SPEC CHECKSUMS:
  SQLite.swift: 670c3e9e0a806bbfd56a3de5d530768dc0e6fe7c

PODFILE CHECKSUM: 1039dcccc72a479219e26a9497cf7ff140d2159f

COCOAPODS: 1.2.0
