// !$*UTF8*$!
{
	archiveVersion = 1;
	classes = {
	};
	objectVersion = 46;
	objects = {

/* Begin PBXBuildFile section */
		2C4061411E1193D000DCDF44 /* AppDelegate.swift in Sources */ = {isa = PBXBuildFile; fileRef = 2C4061401E1193D000DCDF44 /* AppDelegate.swift */; };
		2C4061431E1193D000DCDF44 /* ViewController.swift in Sources */ = {isa = PBXBuildFile; fileRef = 2C4061421E1193D000DCDF44 /* ViewController.swift */; };
		2C4061461E1193D000DCDF44 /* Main.storyboard in Resources */ = {isa = PBXBuildFile; fileRef = 2C4061441E1193D000DCDF44 /* Main.storyboard */; };
		2C4061481E1193D000DCDF44 /* Assets.xcassets in Resources */ = {isa = PBXBuildFile; fileRef = 2C4061471E1193D000DCDF44 /* Assets.xcassets */; };
		2C40614B1E1193D000DCDF44 /* LaunchScreen.storyboard in Resources */ = {isa = PBXBuildFile; fileRef = 2C4061491E1193D000DCDF44 /* LaunchScreen.storyboard */; };
/* End PBXBuildFile section */

/* Begin PBXFileReference section */
		2C40613D1E1193D000DCDF44 /* FrameLayout.app */ = {isa = PBXFileReference; explicitFileType = wrapper.application; includeInIndex = 0; path = FrameLayout.app; sourceTree = BUILT_PRODUCTS_DIR; };
		2C4061401E1193D000DCDF44 /* AppDelegate.swift */ = {isa = PBXFileReference; lastKnownFileType = sourcecode.swift; path = AppDelegate.swift; sourceTree = "<group>"; };
		2C4061421E1193D000DCDF44 /* ViewController.swift */ = {isa = PBXFileReference; lastKnownFileType = sourcecode.swift; path = ViewController.swift; sourceTree = "<group>"; };
		2C4061451E1193D000DCDF44 /* Base */ = {isa = PBXFileReference; lastKnownFileType = file.storyboard; name = Base; path = Base.lproj/Main.storyboard; sourceTree = "<group>"; };
		2C4061471E1193D000DCDF44 /* Assets.xcassets */ = {isa = PBXFileReference; lastKnownFileType = folder.assetcatalog; path = Assets.xcassets; sourceTree = "<group>"; };
		2C40614A1E1193D000DCDF44 /* Base */ = {isa = PBXFileReference; lastKnownFileType = file.storyboard; name = Base; path = Base.lproj/LaunchScreen.storyboard; sourceTree = "<group>"; };
		2C40614C1E1193D000DCDF44 /* Info.plist */ = {isa = PBXFileReference; lastKnownFileType = text.plist.xml; path = Info.plist; sourceTree = "<group>"; };
/* End PBXFileReference section */

/* Begin PBXFrameworksBuildPhase section */
		2C40613A1E1193D000DCDF44 /* Frameworks */ = {
			isa = PBXFrameworksBuildPhase;
			buildActionMask = 2147483647;
			files = (
			);
			runOnlyForDeploymentPostprocessing = 0;
		};
/* End PBXFrameworksBuildPhase section */

/* Begin PBXGroup section */
		2C4061341E1193D000DCDF44 = {
			isa = PBXGroup;
			children = (
				2C40613F1E1193D000DCDF44 /* FrameLayout */,
				2C40613E1E1193D000DCDF44 /* Products */,
			);
			sourceTree = "<group>";
		};
		2C40613E1E1193D000DCDF44 /* Products */ = {
			isa = PBXGroup;
			children = (
				2C40613D1E1193D000DCDF44 /* FrameLayout.app */,
			);
			name = Products;
			sourceTree = "<group>";
		};
		2C40613F1E1193D000DCDF44 /* FrameLayout */ = {
			isa = PBXGroup;
			children = (
				2C4061401E1193D000DCDF44 /* AppDelegate.swift */,
				2C4061421E1193D000DCDF44 /* ViewController.swift */,
				2C4061441E1193D000DCDF44 /* Main.storyboard */,
				2C4061471E1193D000DCDF44 /* Assets.xcassets */,
				2C4061491E1193D000DCDF44 /* LaunchScreen.storyboard */,
				2C40614C1E1193D000DCDF44 /* Info.plist */,
			);
			path = FrameLayout;
			sourceTree = "<group>";
		};
/* End PBXGroup section */

/* Begin PBXNativeTarget section */
		2C40613C1E1193D000DCDF44 /* FrameLayout */ = {
			isa = PBXNativeTarget;
			buildConfigurationList = 2C40614F1E1193D000DCDF44 /* Build configuration list for PBXNativeTarget "FrameLayout" */;
			buildPhases = (
				2C4061391E1193D000DCDF44 /* Sources */,
				2C40613A1E1193D000DCDF44 /* Frameworks */,
				2C40613B1E1193D000DCDF44 /* Resources */,
			);
			buildRules = (
			);
			dependencies = (
			);
			name = FrameLayout;
			productName = FrameLayout;
			productReference = 2C40613D1E1193D000DCDF44 /* FrameLayout.app */;
			productType = "com.apple.product-type.application";
		};
/* End PBXNativeTarget section */

/* Begin PBXProject section */
		2C4061351E1193D000DCDF44 /* Project object */ = {
			isa = PBXProject;
			attributes = {
				LastSwiftUpdateCheck = 0820;
				LastUpgradeCheck = 0820;
				ORGANIZATIONNAME = VanillaStep;
				TargetAttributes = {
					2C40613C1E1193D000DCDF44 = {
						CreatedOnToolsVersion = 8.2;
						DevelopmentTeam = U83637X5J4;
						ProvisioningStyle = Automatic;
					};
				};
			};
			buildConfigurationList = 2C4061381E1193D000DCDF44 /* Build configuration list for PBXProject "FrameLayout" */;
			compatibilityVersion = "Xcode 3.2";
			developmentRegion = English;
			hasScannedForEncodings = 0;
			knownRegions = (
				en,
				Base,
			);
			mainGroup = 2C4061341E1193D000DCDF44;
			productRefGroup = 2C40613E1E1193D000DCDF44 /* Products */;
			projectDirPath = "";
			projectRoot = "";
			targets = (
				2C40613C1E1193D000DCDF44 /* FrameLayout */,
			);
		};
/* End PBXProject section */

/* Begin PBXResourcesBuildPhase section */
		2C40613B1E1193D000DCDF44 /* Resources */ = {
			isa = PBXResourcesBuildPhase;
			buildActionMask = 2147483647;
			files = (
				2C40614B1E1193D000DCDF44 /* LaunchScreen.storyboard in Resources */,
				2C4061481E1193D000DCDF44 /* Assets.xcassets in Resources */,
				2C4061461E1193D000DCDF44 /* Main.storyboard in Resources */,
			);
			runOnlyForDeploymentPostprocessing = 0;
		};
/* End PBXResourcesBuildPhase section */

/* Begin PBXSourcesBuildPhase section */
		2C4061391E1193D000DCDF44 /* Sources */ = {
			isa = PBXSourcesBuildPhase;
			buildActionMask = 2147483647;
			files = (
				2C4061431E1193D000DCDF44 /* ViewController.swift in Sources */,
				2C4061411E1193D000DCDF44 /* AppDelegate.swift in Sources */,
			);
			runOnlyForDeploymentPostprocessing = 0;
		};
/* End PBXSourcesBuildPhase section */

/* Begin PBXVariantGroup section */
		2C4061441E1193D000DCDF44 /* Main.storyboard */ = {
			isa = PBXVariantGroup;
			children = (
				2C4061451E1193D000DCDF44 /* Base */,
			);
			name = Main.storyboard;
			sourceTree = "<group>";
		};
		2C4061491E1193D000DCDF44 /* LaunchScreen.storyboard */ = {
			isa = PBXVariantGroup;
			children = (
				2C40614A1E1193D000DCDF44 /* Base */,
			);
			name = LaunchScreen.storyboard;
			sourceTree = "<group>";
		};
/* End PBXVariantGroup section */

/* Begin XCBuildConfiguration section */
		2C40614D1E1193D000DCDF44 /* Debug */ = {
			isa = XCBuildConfiguration;
			buildSettings = {
				ALWAYS_SEARCH_USER_PATHS = NO;
				CLANG_ANALYZER_NONNULL = YES;
				CLANG_CXX_LANGUAGE_STANDARD = "gnu++0x";
				CLANG_CXX_LIBRARY = "libc++";
				CLANG_ENABLE_MODULES = YES;
				CLANG_ENABLE_OBJC_ARC = YES;
				CLANG_WARN_BOOL_CONVERSION = YES;
				CLANG_WARN_CONSTANT_CONVERSION = YES;
				CLANG_WARN_DIRECT_OBJC_ISA_USAGE = YES_ERROR;
				CLANG_WARN_DOCUMENTATION_COMMENTS = YES;
				CLANG_WARN_EMPTY_BODY = YES;
				CLANG_WARN_ENUM_CONVERSION = YES;
				CLANG_WARN_INFINITE_RECURSION = YES;
				CLANG_WARN_INT_CONVERSION = YES;
				CLANG_WARN_OBJC_ROOT_CLASS = YES_ERROR;
				CLANG_WARN_SUSPICIOUS_MOVE = YES;
				CLANG_WARN_UNREACHABLE_CODE = YES;
				CLANG_WARN__DUPLICATE_METHOD_MATCH = YES;
				"CODE_SIGN_IDENTITY[sdk=iphoneos*]" = "iPhone Developer";
				COPY_PHASE_STRIP = NO;
				DEBUG_INFORMATION_FORMAT = dwarf;
				ENABLE_STRICT_OBJC_MSGSEND = YES;
				ENABLE_TESTABILITY = YES;
				GCC_C_LANGUAGE_STANDARD = gnu99;
				GCC_DYNAMIC_NO_PIC = NO;
				GCC_NO_COMMON_BLOCKS = YES;
				GCC_OPTIMIZATION_LEVEL = 0;
				GCC_PREPROCESSOR_DEFINITIONS = (
					"DEBUG=1",
					"$(inherited)",
				);
				GCC_WARN_64_TO_32_BIT_CONVERSION = YES;
				GCC_WARN_ABOUT_RETURN_TYPE = YES_ERROR;
				GCC_WARN_UNDECLARED_SELECTOR = YES;
				GCC_WARN_UNINITIALIZED_AUTOS = YES_AGGRESSIVE;
				GCC_WARN_UNUSED_FUNCTION = YES;
				GCC_WARN_UNUSED_VARIABLE = YES;
				IPHONEOS_DEPLOYMENT_TARGET = 10.2;
				MTL_ENABLE_DEBUG_INFO = YES;
				ONLY_ACTIVE_ARCH = YES;
				SDKROOT = iphoneos;
				SWIFT_ACTIVE_COMPILATION_CONDITIONS = DEBUG;
				SWIFT_OPTIMIZATION_LEVEL = "-Onone";
				TARGETED_DEVICE_FAMILY = "1,2";
			};
			name = Debug;
		};
		2C40614E1E1193D000DCDF44 /* Release */ = {
			isa = XCBuildConfiguration;
			buildSettings = {
				ALWAYS_SEARCH_USER_PATHS = NO;
				CLANG_ANALYZER_NONNULL = YES;
				CLANG_CXX_LANGUAGE_STANDARD = "gnu++0x";
				CLANG_CXX_LIBRARY = "libc++";
				CLANG_ENABLE_MODULES = YES;
				CLANG_ENABLE_OBJC_ARC = YES;
				CLANG_WARN_BOOL_CONVERSION = YES;
				CLANG_WARN_CONSTANT_CONVERSION = YES;
				CLANG_WARN_DIRECT_OBJC_ISA_USAGE = YES_ERROR;
				CLANG_WARN_DOCUMENTATION_COMMENTS = YES;
				CLANG_WARN_EMPTY_BODY = YES;
				CLANG_WARN_ENUM_CONVERSION = YES;
				CLANG_WARN_INFINITE_RECURSION = YES;
				CLANG_WARN_INT_CONVERSION = YES;
				CLANG_WARN_OBJC_ROOT_CLASS = YES_ERROR;
				CLANG_WARN_SUSPICIOUS_MOVE = YES;
				CLANG_WARN_UNREACHABLE_CODE = YES;
				CLANG_WARN__DUPLICATE_METHOD_MATCH = YES;
				"CODE_SIGN_IDENTITY[sdk=iphoneos*]" = "iPhone Developer";
				COPY_PHASE_STRIP = NO;
				DEBUG_INFORMATION_FORMAT = "dwarf-with-dsym";
				ENABLE_NS_ASSERTIONS = NO;
				ENABLE_STRICT_OBJC_MSGSEND = YES;
				GCC_C_LANGUAGE_STANDARD = gnu99;
				GCC_NO_COMMON_BLOCKS = YES;
				GCC_WARN_64_TO_32_BIT_CONVERSION = YES;
				GCC_WARN_ABOUT_RETURN_TYPE = YES_ERROR;
				GCC_WARN_UNDECLARED_SELECTOR = YES;
				GCC_WARN_UNINITIALIZED_AUTOS = YES_AGGRESSIVE;
				GCC_WARN_UNUSED_FUNCTION = YES;
				GCC_WARN_UNUSED_VARIABLE = YES;
				IPHONEOS_DEPLOYMENT_TARGET = 10.2;
				MTL_ENABLE_DEBUG_INFO = NO;
				SDKROOT = iphoneos;
				SWIFT_OPTIMIZATION_LEVEL = "-Owholemodule";
				TARGETED_DEVICE_FAMILY = "1,2";
				VALIDATE_PRODUCT = YES;
			};
			name = Release;
		};
		2C4061501E1193D000DCDF44 /* Debug */ = {
			isa = XCBuildConfiguration;
			buildSettings = {
				ASSETCATALOG_COMPILER_APPICON_NAME = AppIcon;
				DEVELOPMENT_TEAM = U83637X5J4;
				INFOPLIST_FILE = FrameLayout/Info.plist;
				LD_RUNPATH_SEARCH_PATHS = "$(inherited) @executable_path/Frameworks";
				PRODUCT_BUNDLE_IDENTIFIER = "com.vanillastep.ios-samples.FrameLayout";
				PRODUCT_NAME = "$(TARGET_NAME)";
				SWIFT_VERSION = 3.0;
			};
			name = Debug;
		};
		2C4061511E1193D000DCDF44 /* Release */ = {
			isa = XCBuildConfiguration;
			buildSettings = {
				ASSETCATALOG_COMPILER_APPICON_NAME = AppIcon;
				DEVELOPMENT_TEAM = U83637X5J4;
				INFOPLIST_FILE = FrameLayout/Info.plist;
				LD_RUNPATH_SEARCH_PATHS = "$(inherited) @executable_path/Frameworks";
				PRODUCT_BUNDLE_IDENTIFIER = "com.vanillastep.ios-samples.FrameLayout";
				PRODUCT_NAME = "$(TARGET_NAME)";
				SWIFT_VERSION = 3.0;
			};
			name = Release;
		};
/* End XCBuildConfiguration section */

/* Begin XCConfigurationList section */
		2C4061381E1193D000DCDF44 /* Build configuration list for PBXProject "FrameLayout" */ = {
			isa = XCConfigurationList;
			buildConfigurations = (
				2C40614D1E1193D000DCDF44 /* Debug */,
				2C40614E1E1193D000DCDF44 /* Release */,
			);
			defaultConfigurationIsVisible = 0;
			defaultConfigurationName = Release;
		};
		2C40614F1E1193D000DCDF44 /* Build configuration list for PBXNativeTarget "FrameLayout" */ = {
			isa = XCConfigurationList;
			buildConfigurations = (
				2C4061501E1193D000DCDF44 /* Debug */,
				2C4061511E1193D000DCDF44 /* Release */,
			);
			defaultConfigurationIsVisible = 0;
		};
/* End XCConfigurationList section */
	};
	rootObject = 2C4061351E1193D000DCDF44 /* Project object */;
}
